// !$*UTF8*$!
{
	archiveVersion = 1;
	classes = {
	};
	objectVersion = 51;
	objects = {

/* Begin PBXBuildFile section */
		7F87DE172CA9230DD4125E5D /* Pods_Box_Office_Movies.framework in Frameworks */ = {isa = PBXBuildFile; fileRef = 43AAA7F0755C14E7B47FD5C6 /* Pods_Box_Office_Movies.framework */; };
		9C15EE6A245C977D00A8A192 /* UIMenuTests.swift in Sources */ = {isa = PBXBuildFile; fileRef = 9C15EE69245C977D00A8A192 /* UIMenuTests.swift */; };
		9C2371CD239A7E7A00BF8147 /* UIMenuBuilder.swift in Sources */ = {isa = PBXBuildFile; fileRef = 9C2371CC239A7E7A00BF8147 /* UIMenuBuilder.swift */; };
		9C255948245DA58400EC8554 /* DisclosableTableViewCellTests.swift in Sources */ = {isa = PBXBuildFile; fileRef = 9C255947245DA58400EC8554 /* DisclosableTableViewCellTests.swift */; };
		9C4935EA224A95CD00359378 /* AdditionalInformationTableViewCell.swift in Sources */ = {isa = PBXBuildFile; fileRef = 9C4935E9224A95CD00359378 /* AdditionalInformationTableViewCell.swift */; };
		9C5AD034225653ED009CC78A /* MovieDetailsViewControllerTests.swift in Sources */ = {isa = PBXBuildFile; fileRef = 9C5AD031225653ED009CC78A /* MovieDetailsViewControllerTests.swift */; };
		9C5AD035225653ED009CC78A /* MovieDetailsInteractorTests.swift in Sources */ = {isa = PBXBuildFile; fileRef = 9C5AD032225653ED009CC78A /* MovieDetailsInteractorTests.swift */; };
		9C5AD036225653ED009CC78A /* MovieDetailsPresenterTests.swift in Sources */ = {isa = PBXBuildFile; fileRef = 9C5AD033225653ED009CC78A /* MovieDetailsPresenterTests.swift */; };
		9C5AD03B22566826009CC78A /* NowPlayingMoviesViewControllerTests.swift in Sources */ = {isa = PBXBuildFile; fileRef = 9C5AD03822566826009CC78A /* NowPlayingMoviesViewControllerTests.swift */; };
		9C5AD03C22566826009CC78A /* NowPlayingMoviesInteractorTests.swift in Sources */ = {isa = PBXBuildFile; fileRef = 9C5AD03922566826009CC78A /* NowPlayingMoviesInteractorTests.swift */; };
		9C5AD03D22566826009CC78A /* NowPlayingMoviesPresenterTests.swift in Sources */ = {isa = PBXBuildFile; fileRef = 9C5AD03A22566826009CC78A /* NowPlayingMoviesPresenterTests.swift */; };
		9C6042A6243BA390006E0106 /* UISplitViewController.swift in Sources */ = {isa = PBXBuildFile; fileRef = 9C6042A5243BA390006E0106 /* UISplitViewController.swift */; };
		9C6042AA243CD5B2006E0106 /* Array.swift in Sources */ = {isa = PBXBuildFile; fileRef = 9C6042A9243CD5B2006E0106 /* Array.swift */; };
		9C648806225538D900A1541F /* ErrorStackView.swift in Sources */ = {isa = PBXBuildFile; fileRef = 9C648805225538D900A1541F /* ErrorStackView.swift */; };
		9C6F39D122F46CCC009D030B /* Poster+SceneSetup.swift in Sources */ = {isa = PBXBuildFile; fileRef = 9C6F39CB22F46CCC009D030B /* Poster+SceneSetup.swift */; };
		9C6F39D222F46CCC009D030B /* PosterPresenter.swift in Sources */ = {isa = PBXBuildFile; fileRef = 9C6F39CC22F46CCC009D030B /* PosterPresenter.swift */; };
		9C6F39D322F46CCC009D030B /* PosterRouter.swift in Sources */ = {isa = PBXBuildFile; fileRef = 9C6F39CD22F46CCC009D030B /* PosterRouter.swift */; };
		9C6F39D422F46CCC009D030B /* PosterModels.swift in Sources */ = {isa = PBXBuildFile; fileRef = 9C6F39CE22F46CCC009D030B /* PosterModels.swift */; };
		9C6F39D522F46CCC009D030B /* PosterViewController.swift in Sources */ = {isa = PBXBuildFile; fileRef = 9C6F39CF22F46CCC009D030B /* PosterViewController.swift */; };
		9C6F39D622F46CCC009D030B /* PosterInteractor.swift in Sources */ = {isa = PBXBuildFile; fileRef = 9C6F39D022F46CCC009D030B /* PosterInteractor.swift */; };
		9C6F39D822F474C9009D030B /* Poster.storyboard in Resources */ = {isa = PBXBuildFile; fileRef = 9C6F39D722F474C9009D030B /* Poster.storyboard */; };
		9C6F39DE22F48B6C009D030B /* PosterViewControllerTests.swift in Sources */ = {isa = PBXBuildFile; fileRef = 9C6F39DB22F48B6C009D030B /* PosterViewControllerTests.swift */; };
		9C6F39DF22F48B6C009D030B /* PosterInteractorTests.swift in Sources */ = {isa = PBXBuildFile; fileRef = 9C6F39DC22F48B6C009D030B /* PosterInteractorTests.swift */; };
		9C6F39E022F48B6C009D030B /* PosterPresenterTests.swift in Sources */ = {isa = PBXBuildFile; fileRef = 9C6F39DD22F48B6C009D030B /* PosterPresenterTests.swift */; };
		9C7995A42438C3C500D386B0 /* MovieTableViewCell.swift in Sources */ = {isa = PBXBuildFile; fileRef = 9C7995A32438C3C500D386B0 /* MovieTableViewCell.swift */; };
		9C7995A62438CAE000D386B0 /* DisclosableTableViewCell.swift in Sources */ = {isa = PBXBuildFile; fileRef = 9C7995A52438CAE000D386B0 /* DisclosableTableViewCell.swift */; };
		9C7995A92438FE2800D386B0 /* Credits.rtf in Resources */ = {isa = PBXBuildFile; fileRef = 9C7995A72438FE2800D386B0 /* Credits.rtf */; };
		9C7995AC2438FED200D386B0 /* InfoPlist.strings in Resources */ = {isa = PBXBuildFile; fileRef = 9C7995AA2438FED200D386B0 /* InfoPlist.strings */; };
		9C8BE0FF243A48490051F6F3 /* GoogleService-Info_iOS.sample.plist in Resources */ = {isa = PBXBuildFile; fileRef = 9C8BE0FE243A48490051F6F3 /* GoogleService-Info_iOS.sample.plist */; };
		9C8BE101243A485D0051F6F3 /* GoogleService-Info_macOS.sample.plist in Resources */ = {isa = PBXBuildFile; fileRef = 9C8BE100243A485D0051F6F3 /* GoogleService-Info_macOS.sample.plist */; };
		9C90009522510AE600399CF3 /* Localizable.strings in Resources */ = {isa = PBXBuildFile; fileRef = 9C90009722510AE600399CF3 /* Localizable.strings */; };
		9C93849B243E00FE0098509F /* UIActivityIndicatorView.swift in Sources */ = {isa = PBXBuildFile; fileRef = 9C93849A243E00FE0098509F /* UIActivityIndicatorView.swift */; };
		9C93849D243E01820098509F /* UIApplication.swift in Sources */ = {isa = PBXBuildFile; fileRef = 9C93849C243E01820098509F /* UIApplication.swift */; };
		9C9924E3237AB9F700A519E7 /* CloudKit.framework in Frameworks */ = {isa = PBXBuildFile; fileRef = 9C9924E2237AB9F700A519E7 /* CloudKit.framework */; };
		9CB9B08A2399C89A00111F92 /* UIMenu.swift in Sources */ = {isa = PBXBuildFile; fileRef = 9CB9B0892399C89A00111F92 /* UIMenu.swift */; };
		9CCEACC722FCFB76004620BA /* TrailerTableViewCell.swift in Sources */ = {isa = PBXBuildFile; fileRef = 9CCEACC622FCFB76004620BA /* TrailerTableViewCell.swift */; };
		9CD1682222F4B2DF00688215 /* MovieDetailsRouterTests.swift in Sources */ = {isa = PBXBuildFile; fileRef = 9CD1682122F4B2DF00688215 /* MovieDetailsRouterTests.swift */; };
		9CDAE7472427AA05002AA780 /* GoogleService-Info.plist in Resources */ = {isa = PBXBuildFile; fileRef = 9CDAE7462427AA05002AA780 /* GoogleService-Info.plist */; };
		9CDB22A522EF115B00B8A2C0 /* EmptyBackgroundView.xib in Resources */ = {isa = PBXBuildFile; fileRef = 9CDB22A422EF115B00B8A2C0 /* EmptyBackgroundView.xib */; };
		9CDB22A722EF172400B8A2C0 /* EmptyBackgroundView.swift in Sources */ = {isa = PBXBuildFile; fileRef = 9CDB22A622EF172400B8A2C0 /* EmptyBackgroundView.swift */; };
		9CDC95DA2243FFB10051925E /* AppDelegate.swift in Sources */ = {isa = PBXBuildFile; fileRef = 9CDC95D92243FFB10051925E /* AppDelegate.swift */; };
		9CDC95E12243FFB10051925E /* Main.storyboard in Resources */ = {isa = PBXBuildFile; fileRef = 9CDC95DF2243FFB10051925E /* Main.storyboard */; };
		9CDC95E32243FFB30051925E /* Assets.xcassets in Resources */ = {isa = PBXBuildFile; fileRef = 9CDC95E22243FFB30051925E /* Assets.xcassets */; };
		9CDC95E62243FFB30051925E /* LaunchScreen.storyboard in Resources */ = {isa = PBXBuildFile; fileRef = 9CDC95E42243FFB30051925E /* LaunchScreen.storyboard */; };
		9CDC960D2244034B0051925E /* Constants.swift in Sources */ = {isa = PBXBuildFile; fileRef = 9CDC96002244034A0051925E /* Constants.swift */; };
		9CDC96512247C2DE0051925E /* NowPlayingMovies+SceneSetup.swift in Sources */ = {isa = PBXBuildFile; fileRef = 9CDC964B2247C2DE0051925E /* NowPlayingMovies+SceneSetup.swift */; };
		9CDC96522247C2DE0051925E /* NowPlayingMoviesPresenter.swift in Sources */ = {isa = PBXBuildFile; fileRef = 9CDC964C2247C2DE0051925E /* NowPlayingMoviesPresenter.swift */; };
		9CDC96532247C2DE0051925E /* NowPlayingMoviesRouter.swift in Sources */ = {isa = PBXBuildFile; fileRef = 9CDC964D2247C2DE0051925E /* NowPlayingMoviesRouter.swift */; };
		9CDC96542247C2DE0051925E /* NowPlayingMoviesModels.swift in Sources */ = {isa = PBXBuildFile; fileRef = 9CDC964E2247C2DE0051925E /* NowPlayingMoviesModels.swift */; };
		9CDC96552247C2DE0051925E /* NowPlayingMoviesViewController.swift in Sources */ = {isa = PBXBuildFile; fileRef = 9CDC964F2247C2DE0051925E /* NowPlayingMoviesViewController.swift */; };
		9CDC96562247C2DE0051925E /* NowPlayingMoviesInteractor.swift in Sources */ = {isa = PBXBuildFile; fileRef = 9CDC96502247C2DE0051925E /* NowPlayingMoviesInteractor.swift */; };
		9CDC965C2247CAB70051925E /* UIView.swift in Sources */ = {isa = PBXBuildFile; fileRef = 9CDC965A2247CAB70051925E /* UIView.swift */; };
		9CDC965D2247CAB70051925E /* UIViewController.swift in Sources */ = {isa = PBXBuildFile; fileRef = 9CDC965B2247CAB70051925E /* UIViewController.swift */; };
		9CDC96652247DA510051925E /* MovieDetails+SceneSetup.swift in Sources */ = {isa = PBXBuildFile; fileRef = 9CDC965F2247DA510051925E /* MovieDetails+SceneSetup.swift */; };
		9CDC96662247DA510051925E /* MovieDetailsPresenter.swift in Sources */ = {isa = PBXBuildFile; fileRef = 9CDC96602247DA510051925E /* MovieDetailsPresenter.swift */; };
		9CDC96672247DA510051925E /* MovieDetailsRouter.swift in Sources */ = {isa = PBXBuildFile; fileRef = 9CDC96612247DA510051925E /* MovieDetailsRouter.swift */; };
		9CDC96682247DA510051925E /* MovieDetailsModels.swift in Sources */ = {isa = PBXBuildFile; fileRef = 9CDC96622247DA510051925E /* MovieDetailsModels.swift */; };
		9CDC96692247DA510051925E /* MovieDetailsViewController.swift in Sources */ = {isa = PBXBuildFile; fileRef = 9CDC96632247DA510051925E /* MovieDetailsViewController.swift */; };
		9CDC966A2247DA510051925E /* MovieDetailsInteractor.swift in Sources */ = {isa = PBXBuildFile; fileRef = 9CDC96642247DA510051925E /* MovieDetailsInteractor.swift */; };
		9CE7AEC222569A1C00C20569 /* Box_Office_Movies_Core.framework in Frameworks */ = {isa = PBXBuildFile; fileRef = 9CE7AEC122569A1C00C20569 /* Box_Office_Movies_Core.framework */; };
		9CE7AEC322569A1C00C20569 /* Box_Office_Movies_Core.framework in Embed Frameworks */ = {isa = PBXBuildFile; fileRef = 9CE7AEC122569A1C00C20569 /* Box_Office_Movies_Core.framework */; settings = {ATTRIBUTES = (CodeSignOnCopy, RemoveHeadersOnCopy, ); }; };
		9CFAE4C422C78D9600893908 /* Box_Office_MoviesUITests.swift in Sources */ = {isa = PBXBuildFile; fileRef = 9CFAE4C322C78D9600893908 /* Box_Office_MoviesUITests.swift */; };
		9CFAE4CC22C78E1C00893908 /* SnapshotHelper.swift in Sources */ = {isa = PBXBuildFile; fileRef = 9CFAE4CB22C78E1C00893908 /* SnapshotHelper.swift */; };
/* End PBXBuildFile section */

/* Begin PBXContainerItemProxy section */
		9CDC95ED2243FFB30051925E /* PBXContainerItemProxy */ = {
			isa = PBXContainerItemProxy;
			containerPortal = 9CDC95CE2243FFB10051925E /* Project object */;
			proxyType = 1;
			remoteGlobalIDString = 9CDC95D52243FFB10051925E;
			remoteInfo = "Box-Office-Movies";
		};
		9CFAE4C622C78D9600893908 /* PBXContainerItemProxy */ = {
			isa = PBXContainerItemProxy;
			containerPortal = 9CDC95CE2243FFB10051925E /* Project object */;
			proxyType = 1;
			remoteGlobalIDString = 9CDC95D52243FFB10051925E;
			remoteInfo = "Box-Office-Movies";
		};
/* End PBXContainerItemProxy section */

/* Begin PBXCopyFilesBuildPhase section */
		9CE7AEC422569A1C00C20569 /* Embed Frameworks */ = {
			isa = PBXCopyFilesBuildPhase;
			buildActionMask = 2147483647;
			dstPath = "";
			dstSubfolderSpec = 10;
			files = (
				9CE7AEC322569A1C00C20569 /* Box_Office_Movies_Core.framework in Embed Frameworks */,
			);
			name = "Embed Frameworks";
			runOnlyForDeploymentPostprocessing = 0;
		};
/* End PBXCopyFilesBuildPhase section */

/* Begin PBXFileReference section */
		31A33C18F903C8F2A7009FB3 /* Pods-Box-Office-Movies.debug-production.xcconfig */ = {isa = PBXFileReference; includeInIndex = 1; lastKnownFileType = text.xcconfig; name = "Pods-Box-Office-Movies.debug-production.xcconfig"; path = "Target Support Files/Pods-Box-Office-Movies/Pods-Box-Office-Movies.debug-production.xcconfig"; sourceTree = "<group>"; };
		40069362EBCCEBA302F41B40 /* Pods-Box-Office-Movies.debug-development.xcconfig */ = {isa = PBXFileReference; includeInIndex = 1; lastKnownFileType = text.xcconfig; name = "Pods-Box-Office-Movies.debug-development.xcconfig"; path = "Target Support Files/Pods-Box-Office-Movies/Pods-Box-Office-Movies.debug-development.xcconfig"; sourceTree = "<group>"; };
		43AAA7F0755C14E7B47FD5C6 /* Pods_Box_Office_Movies.framework */ = {isa = PBXFileReference; explicitFileType = wrapper.framework; includeInIndex = 0; path = Pods_Box_Office_Movies.framework; sourceTree = BUILT_PRODUCTS_DIR; };
		54013E44A5681A0F0039528E /* Pods-Box-Office-Movies.release-staging.xcconfig */ = {isa = PBXFileReference; includeInIndex = 1; lastKnownFileType = text.xcconfig; name = "Pods-Box-Office-Movies.release-staging.xcconfig"; path = "Target Support Files/Pods-Box-Office-Movies/Pods-Box-Office-Movies.release-staging.xcconfig"; sourceTree = "<group>"; };
		9C15EE69245C977D00A8A192 /* UIMenuTests.swift */ = {isa = PBXFileReference; lastKnownFileType = sourcecode.swift; path = UIMenuTests.swift; sourceTree = "<group>"; };
		9C2371CC239A7E7A00BF8147 /* UIMenuBuilder.swift */ = {isa = PBXFileReference; lastKnownFileType = sourcecode.swift; path = UIMenuBuilder.swift; sourceTree = "<group>"; };
		9C255947245DA58400EC8554 /* DisclosableTableViewCellTests.swift */ = {isa = PBXFileReference; lastKnownFileType = sourcecode.swift; path = DisclosableTableViewCellTests.swift; sourceTree = "<group>"; };
		9C44111A23C7718A006E1E7A /* Development.xcconfig */ = {isa = PBXFileReference; lastKnownFileType = text.xcconfig; path = Development.xcconfig; sourceTree = "<group>"; };
		9C44111C23C771FD006E1E7A /* Staging.xcconfig */ = {isa = PBXFileReference; lastKnownFileType = text.xcconfig; path = Staging.xcconfig; sourceTree = "<group>"; };
		9C44111E23C7721A006E1E7A /* Production.xcconfig */ = {isa = PBXFileReference; lastKnownFileType = text.xcconfig; path = Production.xcconfig; sourceTree = "<group>"; };
		9C4935E9224A95CD00359378 /* AdditionalInformationTableViewCell.swift */ = {isa = PBXFileReference; lastKnownFileType = sourcecode.swift; path = AdditionalInformationTableViewCell.swift; sourceTree = "<group>"; };
		9C5AD02A22564FFA009CC78A /* en */ = {isa = PBXFileReference; lastKnownFileType = text.plist.strings; name = en; path = en.lproj/Main.strings; sourceTree = "<group>"; };
		9C5AD02E225650BB009CC78A /* fr */ = {isa = PBXFileReference; lastKnownFileType = text.plist.strings; name = fr; path = fr.lproj/Main.strings; sourceTree = "<group>"; };
		9C5AD031225653ED009CC78A /* MovieDetailsViewControllerTests.swift */ = {isa = PBXFileReference; lastKnownFileType = sourcecode.swift; path = MovieDetailsViewControllerTests.swift; sourceTree = "<group>"; };
		9C5AD032225653ED009CC78A /* MovieDetailsInteractorTests.swift */ = {isa = PBXFileReference; lastKnownFileType = sourcecode.swift; path = MovieDetailsInteractorTests.swift; sourceTree = "<group>"; };
		9C5AD033225653ED009CC78A /* MovieDetailsPresenterTests.swift */ = {isa = PBXFileReference; lastKnownFileType = sourcecode.swift; path = MovieDetailsPresenterTests.swift; sourceTree = "<group>"; };
		9C5AD03822566826009CC78A /* NowPlayingMoviesViewControllerTests.swift */ = {isa = PBXFileReference; lastKnownFileType = sourcecode.swift; path = NowPlayingMoviesViewControllerTests.swift; sourceTree = "<group>"; };
		9C5AD03922566826009CC78A /* NowPlayingMoviesInteractorTests.swift */ = {isa = PBXFileReference; lastKnownFileType = sourcecode.swift; path = NowPlayingMoviesInteractorTests.swift; sourceTree = "<group>"; };
		9C5AD03A22566826009CC78A /* NowPlayingMoviesPresenterTests.swift */ = {isa = PBXFileReference; lastKnownFileType = sourcecode.swift; path = NowPlayingMoviesPresenterTests.swift; sourceTree = "<group>"; };
		9C6042A5243BA390006E0106 /* UISplitViewController.swift */ = {isa = PBXFileReference; lastKnownFileType = sourcecode.swift; path = UISplitViewController.swift; sourceTree = "<group>"; };
		9C6042A9243CD5B2006E0106 /* Array.swift */ = {isa = PBXFileReference; lastKnownFileType = sourcecode.swift; path = Array.swift; sourceTree = "<group>"; };
		9C648805225538D900A1541F /* ErrorStackView.swift */ = {isa = PBXFileReference; lastKnownFileType = sourcecode.swift; path = ErrorStackView.swift; sourceTree = "<group>"; };
		9C6F39CB22F46CCC009D030B /* Poster+SceneSetup.swift */ = {isa = PBXFileReference; lastKnownFileType = sourcecode.swift; path = "Poster+SceneSetup.swift"; sourceTree = "<group>"; };
		9C6F39CC22F46CCC009D030B /* PosterPresenter.swift */ = {isa = PBXFileReference; lastKnownFileType = sourcecode.swift; path = PosterPresenter.swift; sourceTree = "<group>"; };
		9C6F39CD22F46CCC009D030B /* PosterRouter.swift */ = {isa = PBXFileReference; lastKnownFileType = sourcecode.swift; path = PosterRouter.swift; sourceTree = "<group>"; };
		9C6F39CE22F46CCC009D030B /* PosterModels.swift */ = {isa = PBXFileReference; lastKnownFileType = sourcecode.swift; path = PosterModels.swift; sourceTree = "<group>"; };
		9C6F39CF22F46CCC009D030B /* PosterViewController.swift */ = {isa = PBXFileReference; lastKnownFileType = sourcecode.swift; path = PosterViewController.swift; sourceTree = "<group>"; };
		9C6F39D022F46CCC009D030B /* PosterInteractor.swift */ = {isa = PBXFileReference; lastKnownFileType = sourcecode.swift; path = PosterInteractor.swift; sourceTree = "<group>"; };
		9C6F39D722F474C9009D030B /* Poster.storyboard */ = {isa = PBXFileReference; lastKnownFileType = file.storyboard; path = Poster.storyboard; sourceTree = "<group>"; };
		9C6F39DB22F48B6C009D030B /* PosterViewControllerTests.swift */ = {isa = PBXFileReference; lastKnownFileType = sourcecode.swift; path = PosterViewControllerTests.swift; sourceTree = "<group>"; };
		9C6F39DC22F48B6C009D030B /* PosterInteractorTests.swift */ = {isa = PBXFileReference; lastKnownFileType = sourcecode.swift; path = PosterInteractorTests.swift; sourceTree = "<group>"; };
		9C6F39DD22F48B6C009D030B /* PosterPresenterTests.swift */ = {isa = PBXFileReference; lastKnownFileType = sourcecode.swift; path = PosterPresenterTests.swift; sourceTree = "<group>"; };
		9C7995A32438C3C500D386B0 /* MovieTableViewCell.swift */ = {isa = PBXFileReference; lastKnownFileType = sourcecode.swift; path = MovieTableViewCell.swift; sourceTree = "<group>"; };
		9C7995A52438CAE000D386B0 /* DisclosableTableViewCell.swift */ = {isa = PBXFileReference; lastKnownFileType = sourcecode.swift; path = DisclosableTableViewCell.swift; sourceTree = "<group>"; };
		9C7995A82438FE2800D386B0 /* en */ = {isa = PBXFileReference; lastKnownFileType = text.rtf; name = en; path = en.lproj/Credits.rtf; sourceTree = "<group>"; };
		9C7995AB2438FED200D386B0 /* en */ = {isa = PBXFileReference; lastKnownFileType = text.plist.strings; name = en; path = en.lproj/InfoPlist.strings; sourceTree = "<group>"; };
		9C7995AD2439091500D386B0 /* fr */ = {isa = PBXFileReference; lastKnownFileType = text.rtf; name = fr; path = fr.lproj/Credits.rtf; sourceTree = "<group>"; };
		9C7995AE243909A300D386B0 /* fr */ = {isa = PBXFileReference; lastKnownFileType = text.plist.strings; name = fr; path = fr.lproj/InfoPlist.strings; sourceTree = "<group>"; };
		9C8BE0DF243A42E00051F6F3 /* GoogleService-Info-Debug-Production.plist */ = {isa = PBXFileReference; fileEncoding = 4; lastKnownFileType = text.plist.xml; path = "GoogleService-Info-Debug-Production.plist"; sourceTree = "<group>"; };
		9C8BE0E1243A42E00051F6F3 /* GoogleService-Info-Debug-Development.plist */ = {isa = PBXFileReference; fileEncoding = 4; lastKnownFileType = text.plist.xml; path = "GoogleService-Info-Debug-Development.plist"; sourceTree = "<group>"; };
		9C8BE0E2243A42E00051F6F3 /* GoogleService-Info-Debug-Staging.plist */ = {isa = PBXFileReference; fileEncoding = 4; lastKnownFileType = text.plist.xml; path = "GoogleService-Info-Debug-Staging.plist"; sourceTree = "<group>"; };
		9C8BE0E3243A42E00051F6F3 /* GoogleService-Info-Release-Development.plist */ = {isa = PBXFileReference; fileEncoding = 4; lastKnownFileType = text.plist.xml; path = "GoogleService-Info-Release-Development.plist"; sourceTree = "<group>"; };
		9C8BE0E4243A42E00051F6F3 /* GoogleService-Info-Release-Staging.plist */ = {isa = PBXFileReference; fileEncoding = 4; lastKnownFileType = text.plist.xml; path = "GoogleService-Info-Release-Staging.plist"; sourceTree = "<group>"; };
		9C8BE0E5243A42E00051F6F3 /* GoogleService-Info-Release-Production.plist */ = {isa = PBXFileReference; fileEncoding = 4; lastKnownFileType = text.plist.xml; path = "GoogleService-Info-Release-Production.plist"; sourceTree = "<group>"; };
		9C8BE0E7243A42E00051F6F3 /* GoogleService-Info-Debug-Production.plist */ = {isa = PBXFileReference; fileEncoding = 4; lastKnownFileType = text.plist.xml; path = "GoogleService-Info-Debug-Production.plist"; sourceTree = "<group>"; };
		9C8BE0E9243A42E00051F6F3 /* GoogleService-Info-Debug-Development.plist */ = {isa = PBXFileReference; fileEncoding = 4; lastKnownFileType = text.plist.xml; path = "GoogleService-Info-Debug-Development.plist"; sourceTree = "<group>"; };
		9C8BE0EA243A42E00051F6F3 /* GoogleService-Info-Debug-Staging.plist */ = {isa = PBXFileReference; fileEncoding = 4; lastKnownFileType = text.plist.xml; path = "GoogleService-Info-Debug-Staging.plist"; sourceTree = "<group>"; };
		9C8BE0EB243A42E00051F6F3 /* GoogleService-Info-Release-Development.plist */ = {isa = PBXFileReference; fileEncoding = 4; lastKnownFileType = text.plist.xml; path = "GoogleService-Info-Release-Development.plist"; sourceTree = "<group>"; };
		9C8BE0EC243A42E00051F6F3 /* GoogleService-Info-Release-Staging.plist */ = {isa = PBXFileReference; fileEncoding = 4; lastKnownFileType = text.plist.xml; path = "GoogleService-Info-Release-Staging.plist"; sourceTree = "<group>"; };
		9C8BE0ED243A42E00051F6F3 /* GoogleService-Info-Release-Production.plist */ = {isa = PBXFileReference; fileEncoding = 4; lastKnownFileType = text.plist.xml; path = "GoogleService-Info-Release-Production.plist"; sourceTree = "<group>"; };
		9C8BE0FE243A48490051F6F3 /* GoogleService-Info_iOS.sample.plist */ = {isa = PBXFileReference; lastKnownFileType = text.plist; path = "GoogleService-Info_iOS.sample.plist"; sourceTree = "<group>"; };
		9C8BE100243A485D0051F6F3 /* GoogleService-Info_macOS.sample.plist */ = {isa = PBXFileReference; lastKnownFileType = text.plist; path = "GoogleService-Info_macOS.sample.plist"; sourceTree = "<group>"; };
		9C90009622510AE600399CF3 /* en */ = {isa = PBXFileReference; lastKnownFileType = text.plist.strings; name = en; path = en.lproj/Localizable.strings; sourceTree = "<group>"; };
		9C90009822510AEA00399CF3 /* fr */ = {isa = PBXFileReference; lastKnownFileType = text.plist.strings; name = fr; path = fr.lproj/Localizable.strings; sourceTree = "<group>"; };
		9C93849A243E00FE0098509F /* UIActivityIndicatorView.swift */ = {isa = PBXFileReference; lastKnownFileType = sourcecode.swift; path = UIActivityIndicatorView.swift; sourceTree = "<group>"; };
		9C93849C243E01820098509F /* UIApplication.swift */ = {isa = PBXFileReference; lastKnownFileType = sourcecode.swift; path = UIApplication.swift; sourceTree = "<group>"; };
		9C9924E0237AB9E400A519E7 /* Box-Office-Movies.entitlements */ = {isa = PBXFileReference; lastKnownFileType = text.plist.entitlements; path = "Box-Office-Movies.entitlements"; sourceTree = "<group>"; };
		9C9924E2237AB9F700A519E7 /* CloudKit.framework */ = {isa = PBXFileReference; lastKnownFileType = wrapper.framework; name = CloudKit.framework; path = System/Library/Frameworks/CloudKit.framework; sourceTree = SDKROOT; };
		9CB9B0892399C89A00111F92 /* UIMenu.swift */ = {isa = PBXFileReference; lastKnownFileType = sourcecode.swift; path = UIMenu.swift; sourceTree = "<group>"; };
		9CCEACC622FCFB76004620BA /* TrailerTableViewCell.swift */ = {isa = PBXFileReference; lastKnownFileType = sourcecode.swift; path = TrailerTableViewCell.swift; sourceTree = "<group>"; };
		9CD1682122F4B2DF00688215 /* MovieDetailsRouterTests.swift */ = {isa = PBXFileReference; lastKnownFileType = sourcecode.swift; path = MovieDetailsRouterTests.swift; sourceTree = "<group>"; };
		9CDAE7462427AA05002AA780 /* GoogleService-Info.plist */ = {isa = PBXFileReference; fileEncoding = 4; lastKnownFileType = text.plist.xml; path = "GoogleService-Info.plist"; sourceTree = "<group>"; };
		9CDB22A422EF115B00B8A2C0 /* EmptyBackgroundView.xib */ = {isa = PBXFileReference; lastKnownFileType = file.xib; path = EmptyBackgroundView.xib; sourceTree = "<group>"; };
		9CDB22A622EF172400B8A2C0 /* EmptyBackgroundView.swift */ = {isa = PBXFileReference; lastKnownFileType = sourcecode.swift; path = EmptyBackgroundView.swift; sourceTree = "<group>"; };
		9CDC95D62243FFB10051925E /* Box-Office-Movies.app */ = {isa = PBXFileReference; explicitFileType = wrapper.application; includeInIndex = 0; path = "Box-Office-Movies.app"; sourceTree = BUILT_PRODUCTS_DIR; };
		9CDC95D92243FFB10051925E /* AppDelegate.swift */ = {isa = PBXFileReference; lastKnownFileType = sourcecode.swift; path = AppDelegate.swift; sourceTree = "<group>"; };
		9CDC95E02243FFB10051925E /* Base */ = {isa = PBXFileReference; lastKnownFileType = file.storyboard; name = Base; path = Base.lproj/Main.storyboard; sourceTree = "<group>"; };
		9CDC95E22243FFB30051925E /* Assets.xcassets */ = {isa = PBXFileReference; lastKnownFileType = folder.assetcatalog; path = Assets.xcassets; sourceTree = "<group>"; };
		9CDC95E52243FFB30051925E /* Base */ = {isa = PBXFileReference; lastKnownFileType = file.storyboard; name = Base; path = Base.lproj/LaunchScreen.storyboard; sourceTree = "<group>"; };
		9CDC95E72243FFB30051925E /* Info.plist */ = {isa = PBXFileReference; lastKnownFileType = text.plist.xml; path = Info.plist; sourceTree = "<group>"; };
		9CDC95EC2243FFB30051925E /* Box-Office-MoviesTests.xctest */ = {isa = PBXFileReference; explicitFileType = wrapper.cfbundle; includeInIndex = 0; path = "Box-Office-MoviesTests.xctest"; sourceTree = BUILT_PRODUCTS_DIR; };
		9CDC95F22243FFB30051925E /* Info.plist */ = {isa = PBXFileReference; lastKnownFileType = text.plist.xml; path = Info.plist; sourceTree = "<group>"; };
		9CDC96002244034A0051925E /* Constants.swift */ = {isa = PBXFileReference; fileEncoding = 4; lastKnownFileType = sourcecode.swift; path = Constants.swift; sourceTree = "<group>"; };
		9CDC964B2247C2DE0051925E /* NowPlayingMovies+SceneSetup.swift */ = {isa = PBXFileReference; lastKnownFileType = sourcecode.swift; path = "NowPlayingMovies+SceneSetup.swift"; sourceTree = "<group>"; };
		9CDC964C2247C2DE0051925E /* NowPlayingMoviesPresenter.swift */ = {isa = PBXFileReference; lastKnownFileType = sourcecode.swift; path = NowPlayingMoviesPresenter.swift; sourceTree = "<group>"; };
		9CDC964D2247C2DE0051925E /* NowPlayingMoviesRouter.swift */ = {isa = PBXFileReference; lastKnownFileType = sourcecode.swift; path = NowPlayingMoviesRouter.swift; sourceTree = "<group>"; };
		9CDC964E2247C2DE0051925E /* NowPlayingMoviesModels.swift */ = {isa = PBXFileReference; lastKnownFileType = sourcecode.swift; path = NowPlayingMoviesModels.swift; sourceTree = "<group>"; };
		9CDC964F2247C2DE0051925E /* NowPlayingMoviesViewController.swift */ = {isa = PBXFileReference; lastKnownFileType = sourcecode.swift; path = NowPlayingMoviesViewController.swift; sourceTree = "<group>"; };
		9CDC96502247C2DE0051925E /* NowPlayingMoviesInteractor.swift */ = {isa = PBXFileReference; lastKnownFileType = sourcecode.swift; path = NowPlayingMoviesInteractor.swift; sourceTree = "<group>"; };
		9CDC965A2247CAB70051925E /* UIView.swift */ = {isa = PBXFileReference; fileEncoding = 4; lastKnownFileType = sourcecode.swift; path = UIView.swift; sourceTree = "<group>"; };
		9CDC965B2247CAB70051925E /* UIViewController.swift */ = {isa = PBXFileReference; fileEncoding = 4; lastKnownFileType = sourcecode.swift; path = UIViewController.swift; sourceTree = "<group>"; };
		9CDC965F2247DA510051925E /* MovieDetails+SceneSetup.swift */ = {isa = PBXFileReference; lastKnownFileType = sourcecode.swift; path = "MovieDetails+SceneSetup.swift"; sourceTree = "<group>"; };
		9CDC96602247DA510051925E /* MovieDetailsPresenter.swift */ = {isa = PBXFileReference; lastKnownFileType = sourcecode.swift; path = MovieDetailsPresenter.swift; sourceTree = "<group>"; };
		9CDC96612247DA510051925E /* MovieDetailsRouter.swift */ = {isa = PBXFileReference; lastKnownFileType = sourcecode.swift; path = MovieDetailsRouter.swift; sourceTree = "<group>"; };
		9CDC96622247DA510051925E /* MovieDetailsModels.swift */ = {isa = PBXFileReference; lastKnownFileType = sourcecode.swift; path = MovieDetailsModels.swift; sourceTree = "<group>"; };
		9CDC96632247DA510051925E /* MovieDetailsViewController.swift */ = {isa = PBXFileReference; lastKnownFileType = sourcecode.swift; path = MovieDetailsViewController.swift; sourceTree = "<group>"; };
		9CDC96642247DA510051925E /* MovieDetailsInteractor.swift */ = {isa = PBXFileReference; lastKnownFileType = sourcecode.swift; path = MovieDetailsInteractor.swift; sourceTree = "<group>"; };
		9CE5AD2F2403F87800021EEE /* Base.xcconfig */ = {isa = PBXFileReference; lastKnownFileType = text.xcconfig; path = Base.xcconfig; sourceTree = "<group>"; };
		9CE7AEC122569A1C00C20569 /* Box_Office_Movies_Core.framework */ = {isa = PBXFileReference; explicitFileType = wrapper.framework; path = Box_Office_Movies_Core.framework; sourceTree = BUILT_PRODUCTS_DIR; };
		9CFAE4C122C78D9600893908 /* Box-Office-MoviesUITests.xctest */ = {isa = PBXFileReference; explicitFileType = wrapper.cfbundle; includeInIndex = 0; path = "Box-Office-MoviesUITests.xctest"; sourceTree = BUILT_PRODUCTS_DIR; };
		9CFAE4C322C78D9600893908 /* Box_Office_MoviesUITests.swift */ = {isa = PBXFileReference; lastKnownFileType = sourcecode.swift; path = Box_Office_MoviesUITests.swift; sourceTree = "<group>"; };
		9CFAE4C522C78D9600893908 /* Info.plist */ = {isa = PBXFileReference; lastKnownFileType = text.plist.xml; path = Info.plist; sourceTree = "<group>"; };
		9CFAE4CB22C78E1C00893908 /* SnapshotHelper.swift */ = {isa = PBXFileReference; fileEncoding = 4; lastKnownFileType = sourcecode.swift; path = SnapshotHelper.swift; sourceTree = "<group>"; };
		C1020FD59992B141A0314CC8 /* Pods-Box-Office-Movies.release-production.xcconfig */ = {isa = PBXFileReference; includeInIndex = 1; lastKnownFileType = text.xcconfig; name = "Pods-Box-Office-Movies.release-production.xcconfig"; path = "Target Support Files/Pods-Box-Office-Movies/Pods-Box-Office-Movies.release-production.xcconfig"; sourceTree = "<group>"; };
		D5310053E9A48E660120A2B4 /* Pods-Box-Office-Movies.debug-staging.xcconfig */ = {isa = PBXFileReference; includeInIndex = 1; lastKnownFileType = text.xcconfig; name = "Pods-Box-Office-Movies.debug-staging.xcconfig"; path = "Target Support Files/Pods-Box-Office-Movies/Pods-Box-Office-Movies.debug-staging.xcconfig"; sourceTree = "<group>"; };
		E2FF73FCB85DED40C40B4533 /* Pods-Box-Office-Movies.release-development.xcconfig */ = {isa = PBXFileReference; includeInIndex = 1; lastKnownFileType = text.xcconfig; name = "Pods-Box-Office-Movies.release-development.xcconfig"; path = "Target Support Files/Pods-Box-Office-Movies/Pods-Box-Office-Movies.release-development.xcconfig"; sourceTree = "<group>"; };
/* End PBXFileReference section */

/* Begin PBXFrameworksBuildPhase section */
		9CDC95D32243FFB10051925E /* Frameworks */ = {
			isa = PBXFrameworksBuildPhase;
			buildActionMask = 2147483647;
			files = (
				9CE7AEC222569A1C00C20569 /* Box_Office_Movies_Core.framework in Frameworks */,
				9C9924E3237AB9F700A519E7 /* CloudKit.framework in Frameworks */,
				7F87DE172CA9230DD4125E5D /* Pods_Box_Office_Movies.framework in Frameworks */,
			);
			runOnlyForDeploymentPostprocessing = 0;
		};
		9CDC95E92243FFB30051925E /* Frameworks */ = {
			isa = PBXFrameworksBuildPhase;
			buildActionMask = 2147483647;
			files = (
			);
			runOnlyForDeploymentPostprocessing = 0;
		};
		9CFAE4BE22C78D9600893908 /* Frameworks */ = {
			isa = PBXFrameworksBuildPhase;
			buildActionMask = 2147483647;
			files = (
			);
			runOnlyForDeploymentPostprocessing = 0;
		};
/* End PBXFrameworksBuildPhase section */

/* Begin PBXGroup section */
		284AC8F5984F9A7465B45E93 /* Pods */ = {
			isa = PBXGroup;
			children = (
				40069362EBCCEBA302F41B40 /* Pods-Box-Office-Movies.debug-development.xcconfig */,
				D5310053E9A48E660120A2B4 /* Pods-Box-Office-Movies.debug-staging.xcconfig */,
				31A33C18F903C8F2A7009FB3 /* Pods-Box-Office-Movies.debug-production.xcconfig */,
				E2FF73FCB85DED40C40B4533 /* Pods-Box-Office-Movies.release-development.xcconfig */,
				54013E44A5681A0F0039528E /* Pods-Box-Office-Movies.release-staging.xcconfig */,
				C1020FD59992B141A0314CC8 /* Pods-Box-Office-Movies.release-production.xcconfig */,
			);
			name = Pods;
			path = ../Pods;
			sourceTree = "<group>";
		};
		9C15EE68245C976A00A8A192 /* Extensions */ = {
			isa = PBXGroup;
			children = (
				9C15EE69245C977D00A8A192 /* UIMenuTests.swift */,
			);
			path = Extensions;
			sourceTree = "<group>";
		};
		9C255946245DA57500EC8554 /* Views */ = {
			isa = PBXGroup;
			children = (
				9C255947245DA58400EC8554 /* DisclosableTableViewCellTests.swift */,
			);
			path = Views;
			sourceTree = "<group>";
		};
		9C44111923C77174006E1E7A /* Configuration */ = {
			isa = PBXGroup;
			children = (
				9CE5AD2F2403F87800021EEE /* Base.xcconfig */,
				9C44111A23C7718A006E1E7A /* Development.xcconfig */,
				9C44111E23C7721A006E1E7A /* Production.xcconfig */,
				9C44111C23C771FD006E1E7A /* Staging.xcconfig */,
			);
			path = Configuration;
			sourceTree = "<group>";
		};
		9C5AD02F225653D1009CC78A /* Scenes */ = {
			isa = PBXGroup;
			children = (
				9C15EE68245C976A00A8A192 /* Extensions */,
				9C5AD030225653DE009CC78A /* MovieDetails */,
				9C5AD0372256680C009CC78A /* NowPlayingMovies */,
				9C6F39DA22F48B51009D030B /* Poster */,
				9C255946245DA57500EC8554 /* Views */,
			);
			path = Scenes;
			sourceTree = "<group>";
		};
		9C5AD030225653DE009CC78A /* MovieDetails */ = {
			isa = PBXGroup;
			children = (
				9C5AD032225653ED009CC78A /* MovieDetailsInteractorTests.swift */,
				9C5AD033225653ED009CC78A /* MovieDetailsPresenterTests.swift */,
				9CD1682122F4B2DF00688215 /* MovieDetailsRouterTests.swift */,
				9C5AD031225653ED009CC78A /* MovieDetailsViewControllerTests.swift */,
			);
			path = MovieDetails;
			sourceTree = "<group>";
		};
		9C5AD0372256680C009CC78A /* NowPlayingMovies */ = {
			isa = PBXGroup;
			children = (
				9C5AD03922566826009CC78A /* NowPlayingMoviesInteractorTests.swift */,
				9C5AD03A22566826009CC78A /* NowPlayingMoviesPresenterTests.swift */,
				9C5AD03822566826009CC78A /* NowPlayingMoviesViewControllerTests.swift */,
			);
			path = NowPlayingMovies;
			sourceTree = "<group>";
		};
		9C648804225538C300A1541F /* Views */ = {
			isa = PBXGroup;
			children = (
				9C7995A52438CAE000D386B0 /* DisclosableTableViewCell.swift */,
				9CDB22A322EF10BC00B8A2C0 /* EmptyBackgroundView */,
				9C648805225538D900A1541F /* ErrorStackView.swift */,
			);
			path = Views;
			sourceTree = "<group>";
		};
		9C6F39CA22F204E6009D030B /* Poster */ = {
			isa = PBXGroup;
			children = (
				9C6F39CB22F46CCC009D030B /* Poster+SceneSetup.swift */,
				9C6F39D022F46CCC009D030B /* PosterInteractor.swift */,
				9C6F39CE22F46CCC009D030B /* PosterModels.swift */,
				9C6F39CC22F46CCC009D030B /* PosterPresenter.swift */,
				9C6F39CD22F46CCC009D030B /* PosterRouter.swift */,
				9C6F39CF22F46CCC009D030B /* PosterViewController.swift */,
			);
			path = Poster;
			sourceTree = "<group>";
		};
		9C6F39D922F479A4009D030B /* Resources */ = {
			isa = PBXGroup;
			children = (
				9CDC95E22243FFB30051925E /* Assets.xcassets */,
				9C7995A72438FE2800D386B0 /* Credits.rtf */,
				9CDAE7482427AC02002AA780 /* GoogleServiceInfoPlists */,
				9C7995AA2438FED200D386B0 /* InfoPlist.strings */,
				9CDC95E42243FFB30051925E /* LaunchScreen.storyboard */,
				9C90009722510AE600399CF3 /* Localizable.strings */,
				9CDC95DF2243FFB10051925E /* Main.storyboard */,
				9C6F39D722F474C9009D030B /* Poster.storyboard */,
			);
			path = Resources;
			sourceTree = "<group>";
		};
		9C6F39DA22F48B51009D030B /* Poster */ = {
			isa = PBXGroup;
			children = (
				9C6F39DC22F48B6C009D030B /* PosterInteractorTests.swift */,
				9C6F39DD22F48B6C009D030B /* PosterPresenterTests.swift */,
				9C6F39DB22F48B6C009D030B /* PosterViewControllerTests.swift */,
			);
			path = Poster;
			sourceTree = "<group>";
		};
		9C7995A22438C3AB00D386B0 /* Views */ = {
			isa = PBXGroup;
			children = (
				9C7995A32438C3C500D386B0 /* MovieTableViewCell.swift */,
			);
			path = Views;
			sourceTree = "<group>";
		};
		9C8BE0DE243A42E00051F6F3 /* macOS */ = {
			isa = PBXGroup;
			children = (
				9C8BE100243A485D0051F6F3 /* GoogleService-Info_macOS.sample.plist */,
				9C8BE0E1243A42E00051F6F3 /* GoogleService-Info-Debug-Development.plist */,
				9C8BE0DF243A42E00051F6F3 /* GoogleService-Info-Debug-Production.plist */,
				9C8BE0E2243A42E00051F6F3 /* GoogleService-Info-Debug-Staging.plist */,
				9C8BE0E3243A42E00051F6F3 /* GoogleService-Info-Release-Development.plist */,
				9C8BE0E5243A42E00051F6F3 /* GoogleService-Info-Release-Production.plist */,
				9C8BE0E4243A42E00051F6F3 /* GoogleService-Info-Release-Staging.plist */,
			);
			path = macOS;
			sourceTree = "<group>";
		};
		9C8BE0E6243A42E00051F6F3 /* iOS */ = {
			isa = PBXGroup;
			children = (
				9C8BE0FE243A48490051F6F3 /* GoogleService-Info_iOS.sample.plist */,
				9C8BE0E9243A42E00051F6F3 /* GoogleService-Info-Debug-Development.plist */,
				9C8BE0E7243A42E00051F6F3 /* GoogleService-Info-Debug-Production.plist */,
				9C8BE0EA243A42E00051F6F3 /* GoogleService-Info-Debug-Staging.plist */,
				9C8BE0EB243A42E00051F6F3 /* GoogleService-Info-Release-Development.plist */,
				9C8BE0ED243A42E00051F6F3 /* GoogleService-Info-Release-Production.plist */,
				9C8BE0EC243A42E00051F6F3 /* GoogleService-Info-Release-Staging.plist */,
			);
			path = iOS;
			sourceTree = "<group>";
		};
		9C9924E1237AB9F700A519E7 /* Frameworks */ = {
			isa = PBXGroup;
			children = (
				9C9924E2237AB9F700A519E7 /* CloudKit.framework */,
				43AAA7F0755C14E7B47FD5C6 /* Pods_Box_Office_Movies.framework */,
			);
			name = Frameworks;
			sourceTree = "<group>";
		};
		9CCEACC522FCFB66004620BA /* Views */ = {
			isa = PBXGroup;
			children = (
				9C4935E9224A95CD00359378 /* AdditionalInformationTableViewCell.swift */,
				9CCEACC622FCFB76004620BA /* TrailerTableViewCell.swift */,
			);
			path = Views;
			sourceTree = "<group>";
		};
		9CDAE7482427AC02002AA780 /* GoogleServiceInfoPlists */ = {
			isa = PBXGroup;
			children = (
				9C8BE0E6243A42E00051F6F3 /* iOS */,
				9C8BE0DE243A42E00051F6F3 /* macOS */,
			);
			path = GoogleServiceInfoPlists;
			sourceTree = "<group>";
		};
		9CDB22A322EF10BC00B8A2C0 /* EmptyBackgroundView */ = {
			isa = PBXGroup;
			children = (
				9CDB22A422EF115B00B8A2C0 /* EmptyBackgroundView.xib */,
				9CDB22A622EF172400B8A2C0 /* EmptyBackgroundView.swift */,
			);
			path = EmptyBackgroundView;
			sourceTree = "<group>";
		};
		9CDC95CD2243FFB10051925E = {
			isa = PBXGroup;
			children = (
				9CE7AEC122569A1C00C20569 /* Box_Office_Movies_Core.framework */,
				9CDC95D82243FFB10051925E /* Box-Office-Movies */,
				9CDC95EF2243FFB30051925E /* Box-Office-MoviesTests */,
				9CFAE4C222C78D9600893908 /* Box-Office-MoviesUITests */,
				9CDC95D72243FFB10051925E /* Products */,
				9C9924E1237AB9F700A519E7 /* Frameworks */,
				284AC8F5984F9A7465B45E93 /* Pods */,
			);
			sourceTree = "<group>";
		};
		9CDC95D72243FFB10051925E /* Products */ = {
			isa = PBXGroup;
			children = (
				9CDC95D62243FFB10051925E /* Box-Office-Movies.app */,
				9CDC95EC2243FFB30051925E /* Box-Office-MoviesTests.xctest */,
				9CFAE4C122C78D9600893908 /* Box-Office-MoviesUITests.xctest */,
			);
			name = Products;
			sourceTree = "<group>";
		};
		9CDC95D82243FFB10051925E /* Box-Office-Movies */ = {
			isa = PBXGroup;
			children = (
				9CDC95D92243FFB10051925E /* AppDelegate.swift */,
				9C9924E0237AB9E400A519E7 /* Box-Office-Movies.entitlements */,
				9C44111923C77174006E1E7A /* Configuration */,
				9CDC96002244034A0051925E /* Constants.swift */,
				9CDC96592247CAB70051925E /* Extensions */,
				9CDAE7462427AA05002AA780 /* GoogleService-Info.plist */,
				9CDC95E72243FFB30051925E /* Info.plist */,
				9C6F39D922F479A4009D030B /* Resources */,
				9CDC96492247C2B20051925E /* Scenes */,
				9C648804225538C300A1541F /* Views */,
			);
			path = "Box-Office-Movies";
			sourceTree = "<group>";
		};
		9CDC95EF2243FFB30051925E /* Box-Office-MoviesTests */ = {
			isa = PBXGroup;
			children = (
				9CDC95F22243FFB30051925E /* Info.plist */,
				9C5AD02F225653D1009CC78A /* Scenes */,
			);
			path = "Box-Office-MoviesTests";
			sourceTree = "<group>";
		};
		9CDC96492247C2B20051925E /* Scenes */ = {
			isa = PBXGroup;
			children = (
				9CDC965E2247DA3F0051925E /* MovieDetails */,
				9CDC964A2247C2D20051925E /* NowPlayingMovies */,
				9C6F39CA22F204E6009D030B /* Poster */,
			);
			path = Scenes;
			sourceTree = "<group>";
		};
		9CDC964A2247C2D20051925E /* NowPlayingMovies */ = {
			isa = PBXGroup;
			children = (
				9CDC964B2247C2DE0051925E /* NowPlayingMovies+SceneSetup.swift */,
				9CDC96502247C2DE0051925E /* NowPlayingMoviesInteractor.swift */,
				9CDC964E2247C2DE0051925E /* NowPlayingMoviesModels.swift */,
				9CDC964C2247C2DE0051925E /* NowPlayingMoviesPresenter.swift */,
				9CDC964D2247C2DE0051925E /* NowPlayingMoviesRouter.swift */,
				9CDC964F2247C2DE0051925E /* NowPlayingMoviesViewController.swift */,
				9C7995A22438C3AB00D386B0 /* Views */,
			);
			path = NowPlayingMovies;
			sourceTree = "<group>";
		};
		9CDC96592247CAB70051925E /* Extensions */ = {
			isa = PBXGroup;
			children = (
				9C6042A9243CD5B2006E0106 /* Array.swift */,
				9C93849A243E00FE0098509F /* UIActivityIndicatorView.swift */,
				9C93849C243E01820098509F /* UIApplication.swift */,
				9C6042A5243BA390006E0106 /* UISplitViewController.swift */,
				9CB9B0892399C89A00111F92 /* UIMenu.swift */,
				9C2371CC239A7E7A00BF8147 /* UIMenuBuilder.swift */,
				9CDC965A2247CAB70051925E /* UIView.swift */,
				9CDC965B2247CAB70051925E /* UIViewController.swift */,
			);
			path = Extensions;
			sourceTree = "<group>";
		};
		9CDC965E2247DA3F0051925E /* MovieDetails */ = {
			isa = PBXGroup;
			children = (
				9CDC965F2247DA510051925E /* MovieDetails+SceneSetup.swift */,
				9CDC96642247DA510051925E /* MovieDetailsInteractor.swift */,
				9CDC96622247DA510051925E /* MovieDetailsModels.swift */,
				9CDC96602247DA510051925E /* MovieDetailsPresenter.swift */,
				9CDC96612247DA510051925E /* MovieDetailsRouter.swift */,
				9CDC96632247DA510051925E /* MovieDetailsViewController.swift */,
				9CCEACC522FCFB66004620BA /* Views */,
			);
			path = MovieDetails;
			sourceTree = "<group>";
		};
		9CFAE4C222C78D9600893908 /* Box-Office-MoviesUITests */ = {
			isa = PBXGroup;
			children = (
				9CFAE4C322C78D9600893908 /* Box_Office_MoviesUITests.swift */,
				9CFAE4C522C78D9600893908 /* Info.plist */,
				9CFAE4CB22C78E1C00893908 /* SnapshotHelper.swift */,
			);
			path = "Box-Office-MoviesUITests";
			sourceTree = "<group>";
		};
/* End PBXGroup section */

/* Begin PBXNativeTarget section */
		9CDC95D52243FFB10051925E /* Box-Office-Movies */ = {
			isa = PBXNativeTarget;
			buildConfigurationList = 9CDC95F52243FFB30051925E /* Build configuration list for PBXNativeTarget "Box-Office-Movies" */;
			buildPhases = (
				38E33EC6215798B5846AA2D3 /* [CP] Check Pods Manifest.lock */,
				9CDC95D22243FFB10051925E /* Sources */,
				9CDC95D32243FFB10051925E /* Frameworks */,
				9CDC95D42243FFB10051925E /* Resources */,
				9CDC95FB2244013B0051925E /* SwiftLint */,
				9CE7AEC422569A1C00C20569 /* Embed Frameworks */,
				89540B4701146236D9B54251 /* [CP] Embed Pods Frameworks */,
				9CDAE7452427A8B8002AA780 /* FirebaseCrashlytics */,
			);
			buildRules = (
			);
			dependencies = (
			);
			name = "Box-Office-Movies";
			productName = "Box-Office-Movies";
			productReference = 9CDC95D62243FFB10051925E /* Box-Office-Movies.app */;
			productType = "com.apple.product-type.application";
		};
		9CDC95EB2243FFB30051925E /* Box-Office-MoviesTests */ = {
			isa = PBXNativeTarget;
			buildConfigurationList = 9CDC95F82243FFB30051925E /* Build configuration list for PBXNativeTarget "Box-Office-MoviesTests" */;
			buildPhases = (
				9CDC95E82243FFB30051925E /* Sources */,
				9CDC95E92243FFB30051925E /* Frameworks */,
				9CDC95EA2243FFB30051925E /* Resources */,
			);
			buildRules = (
			);
			dependencies = (
				9CDC95EE2243FFB30051925E /* PBXTargetDependency */,
			);
			name = "Box-Office-MoviesTests";
			productName = "Box-Office-MoviesTests";
			productReference = 9CDC95EC2243FFB30051925E /* Box-Office-MoviesTests.xctest */;
			productType = "com.apple.product-type.bundle.unit-test";
		};
		9CFAE4C022C78D9600893908 /* Box-Office-MoviesUITests */ = {
			isa = PBXNativeTarget;
			buildConfigurationList = 9CFAE4CA22C78D9600893908 /* Build configuration list for PBXNativeTarget "Box-Office-MoviesUITests" */;
			buildPhases = (
				9CFAE4BD22C78D9600893908 /* Sources */,
				9CFAE4BE22C78D9600893908 /* Frameworks */,
				9CFAE4BF22C78D9600893908 /* Resources */,
			);
			buildRules = (
			);
			dependencies = (
				9CFAE4C722C78D9600893908 /* PBXTargetDependency */,
			);
			name = "Box-Office-MoviesUITests";
			productName = "Box-Office-MoviesUITests";
			productReference = 9CFAE4C122C78D9600893908 /* Box-Office-MoviesUITests.xctest */;
			productType = "com.apple.product-type.bundle.ui-testing";
		};
/* End PBXNativeTarget section */

/* Begin PBXProject section */
		9CDC95CE2243FFB10051925E /* Project object */ = {
			isa = PBXProject;
			attributes = {
				LastSwiftUpdateCheck = 1020;
				LastUpgradeCheck = 1120;
				ORGANIZATIONNAME = Boxotop;
				TargetAttributes = {
					9CDC95D52243FFB10051925E = {
						CreatedOnToolsVersion = 10.1;
						LastSwiftMigration = 1020;
						SystemCapabilities = {
							com.apple.BackgroundModes = {
								enabled = 1;
							};
							com.apple.Push = {
								enabled = 1;
							};
							com.apple.iCloud = {
								enabled = 1;
							};
						};
					};
					9CDC95EB2243FFB30051925E = {
						CreatedOnToolsVersion = 10.1;
						LastSwiftMigration = 1020;
						TestTargetID = 9CDC95D52243FFB10051925E;
					};
					9CFAE4C022C78D9600893908 = {
						CreatedOnToolsVersion = 10.2.1;
						TestTargetID = 9CDC95D52243FFB10051925E;
					};
				};
			};
			buildConfigurationList = 9CDC95D12243FFB10051925E /* Build configuration list for PBXProject "Box-Office-Movies" */;
			compatibilityVersion = "Xcode 9.3";
			developmentRegion = en;
			hasScannedForEncodings = 0;
			knownRegions = (
				en,
				Base,
				fr,
			);
			mainGroup = 9CDC95CD2243FFB10051925E;
			productRefGroup = 9CDC95D72243FFB10051925E /* Products */;
			projectDirPath = "";
			projectRoot = "";
			targets = (
				9CDC95D52243FFB10051925E /* Box-Office-Movies */,
				9CDC95EB2243FFB30051925E /* Box-Office-MoviesTests */,
				9CFAE4C022C78D9600893908 /* Box-Office-MoviesUITests */,
			);
		};
/* End PBXProject section */

/* Begin PBXResourcesBuildPhase section */
		9CDC95D42243FFB10051925E /* Resources */ = {
			isa = PBXResourcesBuildPhase;
			buildActionMask = 2147483647;
			files = (
				9CDC95E62243FFB30051925E /* LaunchScreen.storyboard in Resources */,
				9C7995A92438FE2800D386B0 /* Credits.rtf in Resources */,
				9C6F39D822F474C9009D030B /* Poster.storyboard in Resources */,
				9C90009522510AE600399CF3 /* Localizable.strings in Resources */,
				9CDC95E32243FFB30051925E /* Assets.xcassets in Resources */,
				9CDC95E12243FFB10051925E /* Main.storyboard in Resources */,
				9CDB22A522EF115B00B8A2C0 /* EmptyBackgroundView.xib in Resources */,
				9C8BE101243A485D0051F6F3 /* GoogleService-Info_macOS.sample.plist in Resources */,
				9CDAE7472427AA05002AA780 /* GoogleService-Info.plist in Resources */,
				9C8BE0FF243A48490051F6F3 /* GoogleService-Info_iOS.sample.plist in Resources */,
				9C7995AC2438FED200D386B0 /* InfoPlist.strings in Resources */,
			);
			runOnlyForDeploymentPostprocessing = 0;
		};
		9CDC95EA2243FFB30051925E /* Resources */ = {
			isa = PBXResourcesBuildPhase;
			buildActionMask = 2147483647;
			files = (
			);
			runOnlyForDeploymentPostprocessing = 0;
		};
		9CFAE4BF22C78D9600893908 /* Resources */ = {
			isa = PBXResourcesBuildPhase;
			buildActionMask = 2147483647;
			files = (
			);
			runOnlyForDeploymentPostprocessing = 0;
		};
/* End PBXResourcesBuildPhase section */

/* Begin PBXShellScriptBuildPhase section */
		38E33EC6215798B5846AA2D3 /* [CP] Check Pods Manifest.lock */ = {
			isa = PBXShellScriptBuildPhase;
			buildActionMask = 2147483647;
			files = (
			);
			inputFileListPaths = (
			);
			inputPaths = (
				"${PODS_PODFILE_DIR_PATH}/Podfile.lock",
				"${PODS_ROOT}/Manifest.lock",
			);
			name = "[CP] Check Pods Manifest.lock";
			outputFileListPaths = (
			);
			outputPaths = (
				"$(DERIVED_FILE_DIR)/Pods-Box-Office-Movies-checkManifestLockResult.txt",
			);
			runOnlyForDeploymentPostprocessing = 0;
			shellPath = /bin/sh;
			shellScript = "diff \"${PODS_PODFILE_DIR_PATH}/Podfile.lock\" \"${PODS_ROOT}/Manifest.lock\" > /dev/null\nif [ $? != 0 ] ; then\n    # print error to STDERR\n    echo \"error: The sandbox is not in sync with the Podfile.lock. Run 'pod install' or update your CocoaPods installation.\" >&2\n    exit 1\nfi\n# This output is used by Xcode 'outputs' to avoid re-running this script phase.\necho \"SUCCESS\" > \"${SCRIPT_OUTPUT_FILE_0}\"\n";
			showEnvVarsInLog = 0;
		};
		89540B4701146236D9B54251 /* [CP] Embed Pods Frameworks */ = {
			isa = PBXShellScriptBuildPhase;
			buildActionMask = 2147483647;
			files = (
			);
			inputFileListPaths = (
				"${PODS_ROOT}/Target Support Files/Pods-Box-Office-Movies/Pods-Box-Office-Movies-frameworks-${CONFIGURATION}-input-files.xcfilelist",
			);
			name = "[CP] Embed Pods Frameworks";
			outputFileListPaths = (
				"${PODS_ROOT}/Target Support Files/Pods-Box-Office-Movies/Pods-Box-Office-Movies-frameworks-${CONFIGURATION}-output-files.xcfilelist",
			);
			runOnlyForDeploymentPostprocessing = 0;
			shellPath = /bin/sh;
			shellScript = "\"${PODS_ROOT}/Target Support Files/Pods-Box-Office-Movies/Pods-Box-Office-Movies-frameworks.sh\"\n";
			showEnvVarsInLog = 0;
		};
		9CDAE7452427A8B8002AA780 /* FirebaseCrashlytics */ = {
			isa = PBXShellScriptBuildPhase;
			buildActionMask = 2147483647;
			files = (
			);
			inputFileListPaths = (
			);
			inputPaths = (
				"$(SRCROOT)/$(BUILT_PRODUCTS_DIR)/$(INFOPLIST_PATH)",
			);
			name = FirebaseCrashlytics;
			outputFileListPaths = (
			);
			outputPaths = (
			);
			runOnlyForDeploymentPostprocessing = 0;
			shellPath = /bin/sh;
			shellScript = "# This build phase should be the project's last build phase, otherwise Fabric won't initialize properly.\n\"${PODS_ROOT}/FirebaseCrashlytics/run\"\n";
		};
		9CDC95FB2244013B0051925E /* SwiftLint */ = {
			isa = PBXShellScriptBuildPhase;
			buildActionMask = 2147483647;
			files = (
			);
			inputFileListPaths = (
			);
			inputPaths = (
			);
			name = SwiftLint;
			outputFileListPaths = (
			);
			outputPaths = (
			);
			runOnlyForDeploymentPostprocessing = 0;
			shellPath = /bin/sh;
			shellScript = "if which swiftlint >/dev/null; then\nswiftlint --config ../.swiftlint.yml\nelse\necho \"warning: SwiftLint not installed, download from https://github.com/realm/SwiftLint\"\nfi\n";
		};
/* End PBXShellScriptBuildPhase section */

/* Begin PBXSourcesBuildPhase section */
		9CDC95D22243FFB10051925E /* Sources */ = {
			isa = PBXSourcesBuildPhase;
			buildActionMask = 2147483647;
			files = (
				9CDC965C2247CAB70051925E /* UIView.swift in Sources */,
				9C6F39D322F46CCC009D030B /* PosterRouter.swift in Sources */,
				9CDC96682247DA510051925E /* MovieDetailsModels.swift in Sources */,
				9CDC96692247DA510051925E /* MovieDetailsViewController.swift in Sources */,
				9CDC96522247C2DE0051925E /* NowPlayingMoviesPresenter.swift in Sources */,
				9CDC965D2247CAB70051925E /* UIViewController.swift in Sources */,
				9CDC96562247C2DE0051925E /* NowPlayingMoviesInteractor.swift in Sources */,
				9CDC96512247C2DE0051925E /* NowPlayingMovies+SceneSetup.swift in Sources */,
				9CDC96542247C2DE0051925E /* NowPlayingMoviesModels.swift in Sources */,
				9C6042A6243BA390006E0106 /* UISplitViewController.swift in Sources */,
				9CDC96552247C2DE0051925E /* NowPlayingMoviesViewController.swift in Sources */,
				9C6042AA243CD5B2006E0106 /* Array.swift in Sources */,
				9CDC96662247DA510051925E /* MovieDetailsPresenter.swift in Sources */,
				9CDC966A2247DA510051925E /* MovieDetailsInteractor.swift in Sources */,
				9C6F39D222F46CCC009D030B /* PosterPresenter.swift in Sources */,
				9CDC95DA2243FFB10051925E /* AppDelegate.swift in Sources */,
				9C4935EA224A95CD00359378 /* AdditionalInformationTableViewCell.swift in Sources */,
				9C6F39D122F46CCC009D030B /* Poster+SceneSetup.swift in Sources */,
				9C93849D243E01820098509F /* UIApplication.swift in Sources */,
				9C6F39D622F46CCC009D030B /* PosterInteractor.swift in Sources */,
				9CCEACC722FCFB76004620BA /* TrailerTableViewCell.swift in Sources */,
				9CDC96652247DA510051925E /* MovieDetails+SceneSetup.swift in Sources */,
				9C7995A42438C3C500D386B0 /* MovieTableViewCell.swift in Sources */,
				9C6F39D522F46CCC009D030B /* PosterViewController.swift in Sources */,
				9CDB22A722EF172400B8A2C0 /* EmptyBackgroundView.swift in Sources */,
				9CB9B08A2399C89A00111F92 /* UIMenu.swift in Sources */,
				9CDC96532247C2DE0051925E /* NowPlayingMoviesRouter.swift in Sources */,
				9C6F39D422F46CCC009D030B /* PosterModels.swift in Sources */,
				9C93849B243E00FE0098509F /* UIActivityIndicatorView.swift in Sources */,
				9C2371CD239A7E7A00BF8147 /* UIMenuBuilder.swift in Sources */,
				9C648806225538D900A1541F /* ErrorStackView.swift in Sources */,
				9CDC96672247DA510051925E /* MovieDetailsRouter.swift in Sources */,
				9CDC960D2244034B0051925E /* Constants.swift in Sources */,
				9C7995A62438CAE000D386B0 /* DisclosableTableViewCell.swift in Sources */,
			);
			runOnlyForDeploymentPostprocessing = 0;
		};
		9CDC95E82243FFB30051925E /* Sources */ = {
			isa = PBXSourcesBuildPhase;
			buildActionMask = 2147483647;
			files = (
				9C5AD036225653ED009CC78A /* MovieDetailsPresenterTests.swift in Sources */,
				9C6F39DF22F48B6C009D030B /* PosterInteractorTests.swift in Sources */,
				9C15EE6A245C977D00A8A192 /* UIMenuTests.swift in Sources */,
				9C6F39E022F48B6C009D030B /* PosterPresenterTests.swift in Sources */,
				9C5AD035225653ED009CC78A /* MovieDetailsInteractorTests.swift in Sources */,
				9CD1682222F4B2DF00688215 /* MovieDetailsRouterTests.swift in Sources */,
				9C6F39DE22F48B6C009D030B /* PosterViewControllerTests.swift in Sources */,
				9C5AD03D22566826009CC78A /* NowPlayingMoviesPresenterTests.swift in Sources */,
				9C5AD034225653ED009CC78A /* MovieDetailsViewControllerTests.swift in Sources */,
				9C255948245DA58400EC8554 /* DisclosableTableViewCellTests.swift in Sources */,
				9C5AD03C22566826009CC78A /* NowPlayingMoviesInteractorTests.swift in Sources */,
				9C5AD03B22566826009CC78A /* NowPlayingMoviesViewControllerTests.swift in Sources */,
			);
			runOnlyForDeploymentPostprocessing = 0;
		};
		9CFAE4BD22C78D9600893908 /* Sources */ = {
			isa = PBXSourcesBuildPhase;
			buildActionMask = 2147483647;
			files = (
				9CFAE4C422C78D9600893908 /* Box_Office_MoviesUITests.swift in Sources */,
				9CFAE4CC22C78E1C00893908 /* SnapshotHelper.swift in Sources */,
			);
			runOnlyForDeploymentPostprocessing = 0;
		};
/* End PBXSourcesBuildPhase section */

/* Begin PBXTargetDependency section */
		9CDC95EE2243FFB30051925E /* PBXTargetDependency */ = {
			isa = PBXTargetDependency;
			target = 9CDC95D52243FFB10051925E /* Box-Office-Movies */;
			targetProxy = 9CDC95ED2243FFB30051925E /* PBXContainerItemProxy */;
		};
		9CFAE4C722C78D9600893908 /* PBXTargetDependency */ = {
			isa = PBXTargetDependency;
			target = 9CDC95D52243FFB10051925E /* Box-Office-Movies */;
			targetProxy = 9CFAE4C622C78D9600893908 /* PBXContainerItemProxy */;
		};
/* End PBXTargetDependency section */

/* Begin PBXVariantGroup section */
		9C7995A72438FE2800D386B0 /* Credits.rtf */ = {
			isa = PBXVariantGroup;
			children = (
				9C7995A82438FE2800D386B0 /* en */,
				9C7995AD2439091500D386B0 /* fr */,
			);
			name = Credits.rtf;
			sourceTree = "<group>";
		};
		9C7995AA2438FED200D386B0 /* InfoPlist.strings */ = {
			isa = PBXVariantGroup;
			children = (
				9C7995AB2438FED200D386B0 /* en */,
				9C7995AE243909A300D386B0 /* fr */,
			);
			name = InfoPlist.strings;
			sourceTree = "<group>";
		};
		9C90009722510AE600399CF3 /* Localizable.strings */ = {
			isa = PBXVariantGroup;
			children = (
				9C90009622510AE600399CF3 /* en */,
				9C90009822510AEA00399CF3 /* fr */,
			);
			name = Localizable.strings;
			sourceTree = "<group>";
		};
		9CDC95DF2243FFB10051925E /* Main.storyboard */ = {
			isa = PBXVariantGroup;
			children = (
				9CDC95E02243FFB10051925E /* Base */,
				9C5AD02A22564FFA009CC78A /* en */,
				9C5AD02E225650BB009CC78A /* fr */,
			);
			name = Main.storyboard;
			sourceTree = "<group>";
		};
		9CDC95E42243FFB30051925E /* LaunchScreen.storyboard */ = {
			isa = PBXVariantGroup;
			children = (
				9CDC95E52243FFB30051925E /* Base */,
			);
			name = LaunchScreen.storyboard;
			sourceTree = "<group>";
		};
/* End PBXVariantGroup section */

/* Begin XCBuildConfiguration section */
		9C05D829243A1E3F00610B65 /* Debug-Development_CI */ = {
			isa = XCBuildConfiguration;
			baseConfigurationReference = 9C44111A23C7718A006E1E7A /* Development.xcconfig */;
			buildSettings = {
				ALWAYS_SEARCH_USER_PATHS = NO;
				CLANG_ANALYZER_LOCALIZABILITY_NONLOCALIZED = YES;
				CLANG_ANALYZER_NONNULL = YES;
				CLANG_ANALYZER_NUMBER_OBJECT_CONVERSION = YES_AGGRESSIVE;
				CLANG_CXX_LANGUAGE_STANDARD = "gnu++14";
				CLANG_CXX_LIBRARY = "libc++";
				CLANG_ENABLE_MODULES = YES;
				CLANG_ENABLE_OBJC_ARC = YES;
				CLANG_ENABLE_OBJC_WEAK = YES;
				CLANG_WARN_BLOCK_CAPTURE_AUTORELEASING = YES;
				CLANG_WARN_BOOL_CONVERSION = YES;
				CLANG_WARN_COMMA = YES;
				CLANG_WARN_CONSTANT_CONVERSION = YES;
				CLANG_WARN_DEPRECATED_OBJC_IMPLEMENTATIONS = YES;
				CLANG_WARN_DIRECT_OBJC_ISA_USAGE = YES_ERROR;
				CLANG_WARN_DOCUMENTATION_COMMENTS = YES;
				CLANG_WARN_EMPTY_BODY = YES;
				CLANG_WARN_ENUM_CONVERSION = YES;
				CLANG_WARN_INFINITE_RECURSION = YES;
				CLANG_WARN_INT_CONVERSION = YES;
				CLANG_WARN_NON_LITERAL_NULL_CONVERSION = YES;
				CLANG_WARN_OBJC_IMPLICIT_RETAIN_SELF = YES;
				CLANG_WARN_OBJC_LITERAL_CONVERSION = YES;
				CLANG_WARN_OBJC_ROOT_CLASS = YES_ERROR;
				CLANG_WARN_RANGE_LOOP_ANALYSIS = YES;
				CLANG_WARN_STRICT_PROTOTYPES = YES;
				CLANG_WARN_SUSPICIOUS_MOVE = YES;
				CLANG_WARN_UNGUARDED_AVAILABILITY = YES_AGGRESSIVE;
				CLANG_WARN_UNREACHABLE_CODE = YES;
				CLANG_WARN__DUPLICATE_METHOD_MATCH = YES;
				CODE_SIGN_IDENTITY = "iPhone Developer";
				COPY_PHASE_STRIP = NO;
				ENABLE_STRICT_OBJC_MSGSEND = YES;
				ENABLE_TESTABILITY = YES;
				GCC_C_LANGUAGE_STANDARD = gnu11;
				GCC_DYNAMIC_NO_PIC = NO;
				GCC_NO_COMMON_BLOCKS = YES;
				GCC_OPTIMIZATION_LEVEL = 0;
				GCC_PREPROCESSOR_DEFINITIONS = (
					"DEBUG=1",
					"$(inherited)",
				);
				GCC_WARN_64_TO_32_BIT_CONVERSION = YES;
				GCC_WARN_ABOUT_RETURN_TYPE = YES_ERROR;
				GCC_WARN_UNDECLARED_SELECTOR = YES;
				GCC_WARN_UNINITIALIZED_AUTOS = YES_AGGRESSIVE;
				GCC_WARN_UNUSED_FUNCTION = YES;
				GCC_WARN_UNUSED_VARIABLE = YES;
				IPHONEOS_DEPLOYMENT_TARGET = 10.0;
				MTL_ENABLE_DEBUG_INFO = INCLUDE_SOURCE;
				MTL_FAST_MATH = YES;
				ONLY_ACTIVE_ARCH = YES;
				SDKROOT = iphoneos;
				SWIFT_ACTIVE_COMPILATION_CONDITIONS = DEBUG;
				SWIFT_OPTIMIZATION_LEVEL = "-Onone";
				SWIFT_TREAT_WARNINGS_AS_ERRORS = YES;
			};
			name = "Debug-Development_CI";
		};
		9C05D82A243A1E3F00610B65 /* Debug-Development_CI */ = {
			isa = XCBuildConfiguration;
			baseConfigurationReference = 9C44111A23C7718A006E1E7A /* Development.xcconfig */;
			buildSettings = {
				ASSETCATALOG_COMPILER_APPICON_NAME = AppIcon;
				CODE_SIGN_ENTITLEMENTS = "Box-Office-Movies/Box-Office-Movies.entitlements";
				CODE_SIGN_STYLE = Automatic;
				DERIVE_MACCATALYST_PRODUCT_BUNDLE_IDENTIFIER = YES;
				DEVELOPMENT_TEAM = 5GARSM38JL;
				INFOPLIST_FILE = "Box-Office-Movies/Info.plist";
				LD_RUNPATH_SEARCH_PATHS = (
					"$(inherited)",
					"@executable_path/Frameworks",
				);
				PRODUCT_BUNDLE_IDENTIFIER = "$(APP_BUNDLE_IDENTIFIER)";
				PRODUCT_NAME = "$(TARGET_NAME)";
				SUPPORTS_MACCATALYST = YES;
				SWIFT_VERSION = 5.0;
				TARGETED_DEVICE_FAMILY = "1,2";
			};
			name = "Debug-Development_CI";
		};
		9C05D82B243A1E3F00610B65 /* Debug-Development_CI */ = {
			isa = XCBuildConfiguration;
			baseConfigurationReference = 9C44111A23C7718A006E1E7A /* Development.xcconfig */;
			buildSettings = {
				ALWAYS_EMBED_SWIFT_STANDARD_LIBRARIES = YES;
				BUNDLE_LOADER = "$(TEST_HOST)";
				CODE_SIGN_STYLE = Automatic;
				DEVELOPMENT_TEAM = MU48Q96H48;
				INFOPLIST_FILE = "Box-Office-MoviesTests/Info.plist";
				LD_RUNPATH_SEARCH_PATHS = (
					"$(inherited)",
					"@executable_path/Frameworks",
					"@loader_path/Frameworks",
				);
				PRODUCT_BUNDLE_IDENTIFIER = "fr.boxotop.Box-Office-MoviesTests";
				PRODUCT_NAME = "$(TARGET_NAME)";
				SWIFT_VERSION = 5.0;
				TARGETED_DEVICE_FAMILY = "1,2";
				TEST_HOST = "$(BUILT_PRODUCTS_DIR)/Box-Office-Movies.app/Box-Office-Movies";
			};
			name = "Debug-Development_CI";
		};
		9C05D82C243A1E3F00610B65 /* Debug-Development_CI */ = {
			isa = XCBuildConfiguration;
			baseConfigurationReference = 9C44111A23C7718A006E1E7A /* Development.xcconfig */;
			buildSettings = {
				CODE_SIGN_STYLE = Automatic;
				DEVELOPMENT_TEAM = MU48Q96H48;
				INFOPLIST_FILE = "Box-Office-MoviesUITests/Info.plist";
				IPHONEOS_DEPLOYMENT_TARGET = 12.2;
				LD_RUNPATH_SEARCH_PATHS = (
					"$(inherited)",
					"@executable_path/Frameworks",
					"@loader_path/Frameworks",
				);
				PRODUCT_BUNDLE_IDENTIFIER = "fr.boxotop.Box-Office-MoviesUITests";
				PRODUCT_NAME = "$(TARGET_NAME)";
				SWIFT_VERSION = 5.0;
				TARGETED_DEVICE_FAMILY = "1,2";
				TEST_TARGET_NAME = "Box-Office-Movies";
			};
			name = "Debug-Development_CI";
		};
		9C05D82D243A23D000610B65 /* Release-Development_CI */ = {
			isa = XCBuildConfiguration;
			baseConfigurationReference = 9C44111A23C7718A006E1E7A /* Development.xcconfig */;
			buildSettings = {
				ALWAYS_SEARCH_USER_PATHS = NO;
				CLANG_ANALYZER_LOCALIZABILITY_NONLOCALIZED = YES;
				CLANG_ANALYZER_NONNULL = YES;
				CLANG_ANALYZER_NUMBER_OBJECT_CONVERSION = YES_AGGRESSIVE;
				CLANG_CXX_LANGUAGE_STANDARD = "gnu++14";
				CLANG_CXX_LIBRARY = "libc++";
				CLANG_ENABLE_MODULES = YES;
				CLANG_ENABLE_OBJC_ARC = YES;
				CLANG_ENABLE_OBJC_WEAK = YES;
				CLANG_WARN_BLOCK_CAPTURE_AUTORELEASING = YES;
				CLANG_WARN_BOOL_CONVERSION = YES;
				CLANG_WARN_COMMA = YES;
				CLANG_WARN_CONSTANT_CONVERSION = YES;
				CLANG_WARN_DEPRECATED_OBJC_IMPLEMENTATIONS = YES;
				CLANG_WARN_DIRECT_OBJC_ISA_USAGE = YES_ERROR;
				CLANG_WARN_DOCUMENTATION_COMMENTS = YES;
				CLANG_WARN_EMPTY_BODY = YES;
				CLANG_WARN_ENUM_CONVERSION = YES;
				CLANG_WARN_INFINITE_RECURSION = YES;
				CLANG_WARN_INT_CONVERSION = YES;
				CLANG_WARN_NON_LITERAL_NULL_CONVERSION = YES;
				CLANG_WARN_OBJC_IMPLICIT_RETAIN_SELF = YES;
				CLANG_WARN_OBJC_LITERAL_CONVERSION = YES;
				CLANG_WARN_OBJC_ROOT_CLASS = YES_ERROR;
				CLANG_WARN_RANGE_LOOP_ANALYSIS = YES;
				CLANG_WARN_STRICT_PROTOTYPES = YES;
				CLANG_WARN_SUSPICIOUS_MOVE = YES;
				CLANG_WARN_UNGUARDED_AVAILABILITY = YES_AGGRESSIVE;
				CLANG_WARN_UNREACHABLE_CODE = YES;
				CLANG_WARN__DUPLICATE_METHOD_MATCH = YES;
				CODE_SIGN_IDENTITY = "iPhone Developer";
				COPY_PHASE_STRIP = NO;
				ENABLE_NS_ASSERTIONS = NO;
				ENABLE_STRICT_OBJC_MSGSEND = YES;
				ENABLE_TESTABILITY = YES;
				GCC_C_LANGUAGE_STANDARD = gnu11;
				GCC_NO_COMMON_BLOCKS = YES;
				GCC_WARN_64_TO_32_BIT_CONVERSION = YES;
				GCC_WARN_ABOUT_RETURN_TYPE = YES_ERROR;
				GCC_WARN_UNDECLARED_SELECTOR = YES;
				GCC_WARN_UNINITIALIZED_AUTOS = YES_AGGRESSIVE;
				GCC_WARN_UNUSED_FUNCTION = YES;
				GCC_WARN_UNUSED_VARIABLE = YES;
				IPHONEOS_DEPLOYMENT_TARGET = 10.0;
				MTL_ENABLE_DEBUG_INFO = NO;
				MTL_FAST_MATH = YES;
				ONLY_ACTIVE_ARCH = YES;
				SDKROOT = iphoneos;
				SWIFT_COMPILATION_MODE = wholemodule;
				SWIFT_OPTIMIZATION_LEVEL = "-O";
				SWIFT_TREAT_WARNINGS_AS_ERRORS = YES;
				VALIDATE_PRODUCT = YES;
			};
			name = "Release-Development_CI";
		};
		9C05D82E243A23D000610B65 /* Release-Development_CI */ = {
			isa = XCBuildConfiguration;
			baseConfigurationReference = 9C44111A23C7718A006E1E7A /* Development.xcconfig */;
			buildSettings = {
				ASSETCATALOG_COMPILER_APPICON_NAME = AppIcon;
				CODE_SIGN_ENTITLEMENTS = "Box-Office-Movies/Box-Office-Movies.entitlements";
				CODE_SIGN_STYLE = Automatic;
				DERIVE_MACCATALYST_PRODUCT_BUNDLE_IDENTIFIER = YES;
				DEVELOPMENT_TEAM = 5GARSM38JL;
				INFOPLIST_FILE = "Box-Office-Movies/Info.plist";
				LD_RUNPATH_SEARCH_PATHS = (
					"$(inherited)",
					"@executable_path/Frameworks",
				);
				PRODUCT_BUNDLE_IDENTIFIER = "$(APP_BUNDLE_IDENTIFIER)";
				PRODUCT_NAME = "$(TARGET_NAME)";
				SUPPORTS_MACCATALYST = YES;
				SWIFT_VERSION = 5.0;
				TARGETED_DEVICE_FAMILY = "1,2";
			};
			name = "Release-Development_CI";
		};
		9C05D82F243A23D000610B65 /* Release-Development_CI */ = {
			isa = XCBuildConfiguration;
			baseConfigurationReference = 9C44111A23C7718A006E1E7A /* Development.xcconfig */;
			buildSettings = {
				ALWAYS_EMBED_SWIFT_STANDARD_LIBRARIES = YES;
				BUNDLE_LOADER = "$(TEST_HOST)";
				CODE_SIGN_STYLE = Automatic;
				DEVELOPMENT_TEAM = MU48Q96H48;
				INFOPLIST_FILE = "Box-Office-MoviesTests/Info.plist";
				LD_RUNPATH_SEARCH_PATHS = (
					"$(inherited)",
					"@executable_path/Frameworks",
					"@loader_path/Frameworks",
				);
				PRODUCT_BUNDLE_IDENTIFIER = "fr.boxotop.Box-Office-MoviesTests";
				PRODUCT_NAME = "$(TARGET_NAME)";
				SWIFT_VERSION = 5.0;
				TARGETED_DEVICE_FAMILY = "1,2";
				TEST_HOST = "$(BUILT_PRODUCTS_DIR)/Box-Office-Movies.app/Box-Office-Movies";
			};
			name = "Release-Development_CI";
		};
		9C05D830243A23D000610B65 /* Release-Development_CI */ = {
			isa = XCBuildConfiguration;
			baseConfigurationReference = 9C44111A23C7718A006E1E7A /* Development.xcconfig */;
			buildSettings = {
				CODE_SIGN_STYLE = Automatic;
				DEVELOPMENT_TEAM = MU48Q96H48;
				INFOPLIST_FILE = "Box-Office-MoviesUITests/Info.plist";
				IPHONEOS_DEPLOYMENT_TARGET = 12.2;
				LD_RUNPATH_SEARCH_PATHS = (
					"$(inherited)",
					"@executable_path/Frameworks",
					"@loader_path/Frameworks",
				);
				PRODUCT_BUNDLE_IDENTIFIER = "fr.boxotop.Box-Office-MoviesUITests";
				PRODUCT_NAME = "$(TARGET_NAME)";
				SWIFT_VERSION = 5.0;
				TARGETED_DEVICE_FAMILY = "1,2";
				TEST_TARGET_NAME = "Box-Office-Movies";
			};
			name = "Release-Development_CI";
		};
		9C44110723C76EFC006E1E7A /* Debug-Production */ = {
			isa = XCBuildConfiguration;
			baseConfigurationReference = 9C44111E23C7721A006E1E7A /* Production.xcconfig */;
			buildSettings = {
				ALWAYS_SEARCH_USER_PATHS = NO;
				CLANG_ANALYZER_LOCALIZABILITY_NONLOCALIZED = YES;
				CLANG_ANALYZER_NONNULL = YES;
				CLANG_ANALYZER_NUMBER_OBJECT_CONVERSION = YES_AGGRESSIVE;
				CLANG_CXX_LANGUAGE_STANDARD = "gnu++14";
				CLANG_CXX_LIBRARY = "libc++";
				CLANG_ENABLE_MODULES = YES;
				CLANG_ENABLE_OBJC_ARC = YES;
				CLANG_ENABLE_OBJC_WEAK = YES;
				CLANG_WARN_BLOCK_CAPTURE_AUTORELEASING = YES;
				CLANG_WARN_BOOL_CONVERSION = YES;
				CLANG_WARN_COMMA = YES;
				CLANG_WARN_CONSTANT_CONVERSION = YES;
				CLANG_WARN_DEPRECATED_OBJC_IMPLEMENTATIONS = YES;
				CLANG_WARN_DIRECT_OBJC_ISA_USAGE = YES_ERROR;
				CLANG_WARN_DOCUMENTATION_COMMENTS = YES;
				CLANG_WARN_EMPTY_BODY = YES;
				CLANG_WARN_ENUM_CONVERSION = YES;
				CLANG_WARN_INFINITE_RECURSION = YES;
				CLANG_WARN_INT_CONVERSION = YES;
				CLANG_WARN_NON_LITERAL_NULL_CONVERSION = YES;
				CLANG_WARN_OBJC_IMPLICIT_RETAIN_SELF = YES;
				CLANG_WARN_OBJC_LITERAL_CONVERSION = YES;
				CLANG_WARN_OBJC_ROOT_CLASS = YES_ERROR;
				CLANG_WARN_RANGE_LOOP_ANALYSIS = YES;
				CLANG_WARN_STRICT_PROTOTYPES = YES;
				CLANG_WARN_SUSPICIOUS_MOVE = YES;
				CLANG_WARN_UNGUARDED_AVAILABILITY = YES_AGGRESSIVE;
				CLANG_WARN_UNREACHABLE_CODE = YES;
				CLANG_WARN__DUPLICATE_METHOD_MATCH = YES;
				CODE_SIGN_IDENTITY = "iPhone Developer";
				COPY_PHASE_STRIP = NO;
				ENABLE_STRICT_OBJC_MSGSEND = YES;
				ENABLE_TESTABILITY = YES;
				GCC_C_LANGUAGE_STANDARD = gnu11;
				GCC_DYNAMIC_NO_PIC = NO;
				GCC_NO_COMMON_BLOCKS = YES;
				GCC_OPTIMIZATION_LEVEL = 0;
				GCC_PREPROCESSOR_DEFINITIONS = (
					"DEBUG=1",
					"$(inherited)",
				);
				GCC_WARN_64_TO_32_BIT_CONVERSION = YES;
				GCC_WARN_ABOUT_RETURN_TYPE = YES_ERROR;
				GCC_WARN_UNDECLARED_SELECTOR = YES;
				GCC_WARN_UNINITIALIZED_AUTOS = YES_AGGRESSIVE;
				GCC_WARN_UNUSED_FUNCTION = YES;
				GCC_WARN_UNUSED_VARIABLE = YES;
				IPHONEOS_DEPLOYMENT_TARGET = 10.0;
				MTL_ENABLE_DEBUG_INFO = INCLUDE_SOURCE;
				MTL_FAST_MATH = YES;
				ONLY_ACTIVE_ARCH = YES;
				SDKROOT = iphoneos;
				SWIFT_ACTIVE_COMPILATION_CONDITIONS = DEBUG;
				SWIFT_OPTIMIZATION_LEVEL = "-Onone";
				SWIFT_TREAT_WARNINGS_AS_ERRORS = YES;
			};
			name = "Debug-Production";
		};
		9C44110823C76EFC006E1E7A /* Debug-Production */ = {
			isa = XCBuildConfiguration;
			baseConfigurationReference = 9C44111E23C7721A006E1E7A /* Production.xcconfig */;
			buildSettings = {
				ASSETCATALOG_COMPILER_APPICON_NAME = AppIcon;
				CODE_SIGN_ENTITLEMENTS = "Box-Office-Movies/Box-Office-Movies.entitlements";
				CODE_SIGN_STYLE = Automatic;
				DEVELOPMENT_TEAM = 5GARSM38JL;
				DERIVE_MACCATALYST_PRODUCT_BUNDLE_IDENTIFIER = YES;
				INFOPLIST_FILE = "Box-Office-Movies/Info.plist";
				LD_RUNPATH_SEARCH_PATHS = (
					"$(inherited)",
					"@executable_path/Frameworks",
				);
				PRODUCT_BUNDLE_IDENTIFIER = "$(APP_BUNDLE_IDENTIFIER)";
				PRODUCT_NAME = "$(TARGET_NAME)";
				SUPPORTS_MACCATALYST = YES;
				SWIFT_VERSION = 5.0;
				TARGETED_DEVICE_FAMILY = "1,2";
			};
			name = "Debug-Production";
		};
		9C44110923C76EFC006E1E7A /* Debug-Production */ = {
			isa = XCBuildConfiguration;
			baseConfigurationReference = 9C44111E23C7721A006E1E7A /* Production.xcconfig */;
			buildSettings = {
				ALWAYS_EMBED_SWIFT_STANDARD_LIBRARIES = YES;
				BUNDLE_LOADER = "$(TEST_HOST)";
				CODE_SIGN_STYLE = Automatic;
				DEVELOPMENT_TEAM = MU48Q96H48;
				INFOPLIST_FILE = "Box-Office-MoviesTests/Info.plist";
				LD_RUNPATH_SEARCH_PATHS = (
					"$(inherited)",
					"@executable_path/Frameworks",
					"@loader_path/Frameworks",
				);
				PRODUCT_BUNDLE_IDENTIFIER = "fr.boxotop.Box-Office-MoviesTests";
				PRODUCT_NAME = "$(TARGET_NAME)";
				SWIFT_VERSION = 5.0;
				TARGETED_DEVICE_FAMILY = "1,2";
				TEST_HOST = "$(BUILT_PRODUCTS_DIR)/Box-Office-Movies.app/Box-Office-Movies";
			};
			name = "Debug-Production";
		};
		9C44110A23C76EFC006E1E7A /* Debug-Production */ = {
			isa = XCBuildConfiguration;
			baseConfigurationReference = 9C44111E23C7721A006E1E7A /* Production.xcconfig */;
			buildSettings = {
				CODE_SIGN_STYLE = Automatic;
				DEVELOPMENT_TEAM = MU48Q96H48;
				INFOPLIST_FILE = "Box-Office-MoviesUITests/Info.plist";
				IPHONEOS_DEPLOYMENT_TARGET = 12.2;
				LD_RUNPATH_SEARCH_PATHS = (
					"$(inherited)",
					"@executable_path/Frameworks",
					"@loader_path/Frameworks",
				);
				PRODUCT_BUNDLE_IDENTIFIER = "fr.boxotop.Box-Office-MoviesUITests";
				PRODUCT_NAME = "$(TARGET_NAME)";
				SWIFT_VERSION = 5.0;
				TARGETED_DEVICE_FAMILY = "1,2";
				TEST_TARGET_NAME = "Box-Office-Movies";
			};
			name = "Debug-Production";
		};
		9C44110B23C76EFE006E1E7A /* Debug-Staging */ = {
			isa = XCBuildConfiguration;
			baseConfigurationReference = 9C44111C23C771FD006E1E7A /* Staging.xcconfig */;
			buildSettings = {
				ALWAYS_SEARCH_USER_PATHS = NO;
				CLANG_ANALYZER_LOCALIZABILITY_NONLOCALIZED = YES;
				CLANG_ANALYZER_NONNULL = YES;
				CLANG_ANALYZER_NUMBER_OBJECT_CONVERSION = YES_AGGRESSIVE;
				CLANG_CXX_LANGUAGE_STANDARD = "gnu++14";
				CLANG_CXX_LIBRARY = "libc++";
				CLANG_ENABLE_MODULES = YES;
				CLANG_ENABLE_OBJC_ARC = YES;
				CLANG_ENABLE_OBJC_WEAK = YES;
				CLANG_WARN_BLOCK_CAPTURE_AUTORELEASING = YES;
				CLANG_WARN_BOOL_CONVERSION = YES;
				CLANG_WARN_COMMA = YES;
				CLANG_WARN_CONSTANT_CONVERSION = YES;
				CLANG_WARN_DEPRECATED_OBJC_IMPLEMENTATIONS = YES;
				CLANG_WARN_DIRECT_OBJC_ISA_USAGE = YES_ERROR;
				CLANG_WARN_DOCUMENTATION_COMMENTS = YES;
				CLANG_WARN_EMPTY_BODY = YES;
				CLANG_WARN_ENUM_CONVERSION = YES;
				CLANG_WARN_INFINITE_RECURSION = YES;
				CLANG_WARN_INT_CONVERSION = YES;
				CLANG_WARN_NON_LITERAL_NULL_CONVERSION = YES;
				CLANG_WARN_OBJC_IMPLICIT_RETAIN_SELF = YES;
				CLANG_WARN_OBJC_LITERAL_CONVERSION = YES;
				CLANG_WARN_OBJC_ROOT_CLASS = YES_ERROR;
				CLANG_WARN_RANGE_LOOP_ANALYSIS = YES;
				CLANG_WARN_STRICT_PROTOTYPES = YES;
				CLANG_WARN_SUSPICIOUS_MOVE = YES;
				CLANG_WARN_UNGUARDED_AVAILABILITY = YES_AGGRESSIVE;
				CLANG_WARN_UNREACHABLE_CODE = YES;
				CLANG_WARN__DUPLICATE_METHOD_MATCH = YES;
				CODE_SIGN_IDENTITY = "iPhone Developer";
				COPY_PHASE_STRIP = NO;
				ENABLE_STRICT_OBJC_MSGSEND = YES;
				ENABLE_TESTABILITY = YES;
				GCC_C_LANGUAGE_STANDARD = gnu11;
				GCC_DYNAMIC_NO_PIC = NO;
				GCC_NO_COMMON_BLOCKS = YES;
				GCC_OPTIMIZATION_LEVEL = 0;
				GCC_PREPROCESSOR_DEFINITIONS = (
					"DEBUG=1",
					"$(inherited)",
				);
				GCC_WARN_64_TO_32_BIT_CONVERSION = YES;
				GCC_WARN_ABOUT_RETURN_TYPE = YES_ERROR;
				GCC_WARN_UNDECLARED_SELECTOR = YES;
				GCC_WARN_UNINITIALIZED_AUTOS = YES_AGGRESSIVE;
				GCC_WARN_UNUSED_FUNCTION = YES;
				GCC_WARN_UNUSED_VARIABLE = YES;
				IPHONEOS_DEPLOYMENT_TARGET = 10.0;
				MTL_ENABLE_DEBUG_INFO = INCLUDE_SOURCE;
				MTL_FAST_MATH = YES;
				ONLY_ACTIVE_ARCH = YES;
				SDKROOT = iphoneos;
				SWIFT_ACTIVE_COMPILATION_CONDITIONS = DEBUG;
				SWIFT_OPTIMIZATION_LEVEL = "-Onone";
				SWIFT_TREAT_WARNINGS_AS_ERRORS = YES;
			};
			name = "Debug-Staging";
		};
		9C44110C23C76EFE006E1E7A /* Debug-Staging */ = {
			isa = XCBuildConfiguration;
			baseConfigurationReference = 9C44111C23C771FD006E1E7A /* Staging.xcconfig */;
			buildSettings = {
				ASSETCATALOG_COMPILER_APPICON_NAME = AppIcon;
				CODE_SIGN_ENTITLEMENTS = "Box-Office-Movies/Box-Office-Movies.entitlements";
				CODE_SIGN_STYLE = Automatic;
				DERIVE_MACCATALYST_PRODUCT_BUNDLE_IDENTIFIER = YES;
				DEVELOPMENT_TEAM = 5GARSM38JL;
				INFOPLIST_FILE = "Box-Office-Movies/Info.plist";
				LD_RUNPATH_SEARCH_PATHS = (
					"$(inherited)",
					"@executable_path/Frameworks",
				);
				PRODUCT_BUNDLE_IDENTIFIER = "$(APP_BUNDLE_IDENTIFIER)";
				PRODUCT_NAME = "$(TARGET_NAME)";
				SUPPORTS_MACCATALYST = YES;
				SWIFT_VERSION = 5.0;
				TARGETED_DEVICE_FAMILY = "1,2";
			};
			name = "Debug-Staging";
		};
		9C44110D23C76EFE006E1E7A /* Debug-Staging */ = {
			isa = XCBuildConfiguration;
			baseConfigurationReference = 9C44111C23C771FD006E1E7A /* Staging.xcconfig */;
			buildSettings = {
				ALWAYS_EMBED_SWIFT_STANDARD_LIBRARIES = YES;
				BUNDLE_LOADER = "$(TEST_HOST)";
				CODE_SIGN_STYLE = Automatic;
				DEVELOPMENT_TEAM = MU48Q96H48;
				INFOPLIST_FILE = "Box-Office-MoviesTests/Info.plist";
				LD_RUNPATH_SEARCH_PATHS = (
					"$(inherited)",
					"@executable_path/Frameworks",
					"@loader_path/Frameworks",
				);
				PRODUCT_BUNDLE_IDENTIFIER = "fr.boxotop.Box-Office-MoviesTests";
				PRODUCT_NAME = "$(TARGET_NAME)";
				SWIFT_VERSION = 5.0;
				TARGETED_DEVICE_FAMILY = "1,2";
				TEST_HOST = "$(BUILT_PRODUCTS_DIR)/Box-Office-Movies.app/Box-Office-Movies";
			};
			name = "Debug-Staging";
		};
		9C44110E23C76EFE006E1E7A /* Debug-Staging */ = {
			isa = XCBuildConfiguration;
			baseConfigurationReference = 9C44111C23C771FD006E1E7A /* Staging.xcconfig */;
			buildSettings = {
				CODE_SIGN_STYLE = Automatic;
				DEVELOPMENT_TEAM = MU48Q96H48;
				INFOPLIST_FILE = "Box-Office-MoviesUITests/Info.plist";
				IPHONEOS_DEPLOYMENT_TARGET = 12.2;
				LD_RUNPATH_SEARCH_PATHS = (
					"$(inherited)",
					"@executable_path/Frameworks",
					"@loader_path/Frameworks",
				);
				PRODUCT_BUNDLE_IDENTIFIER = "fr.boxotop.Box-Office-MoviesUITests";
				PRODUCT_NAME = "$(TARGET_NAME)";
				SWIFT_VERSION = 5.0;
				TARGETED_DEVICE_FAMILY = "1,2";
				TEST_TARGET_NAME = "Box-Office-Movies";
			};
			name = "Debug-Staging";
		};
		9C44110F23C76F02006E1E7A /* Release-Production */ = {
			isa = XCBuildConfiguration;
			baseConfigurationReference = 9C44111E23C7721A006E1E7A /* Production.xcconfig */;
			buildSettings = {
				ALWAYS_SEARCH_USER_PATHS = NO;
				CLANG_ANALYZER_LOCALIZABILITY_NONLOCALIZED = YES;
				CLANG_ANALYZER_NONNULL = YES;
				CLANG_ANALYZER_NUMBER_OBJECT_CONVERSION = YES_AGGRESSIVE;
				CLANG_CXX_LANGUAGE_STANDARD = "gnu++14";
				CLANG_CXX_LIBRARY = "libc++";
				CLANG_ENABLE_MODULES = YES;
				CLANG_ENABLE_OBJC_ARC = YES;
				CLANG_ENABLE_OBJC_WEAK = YES;
				CLANG_WARN_BLOCK_CAPTURE_AUTORELEASING = YES;
				CLANG_WARN_BOOL_CONVERSION = YES;
				CLANG_WARN_COMMA = YES;
				CLANG_WARN_CONSTANT_CONVERSION = YES;
				CLANG_WARN_DEPRECATED_OBJC_IMPLEMENTATIONS = YES;
				CLANG_WARN_DIRECT_OBJC_ISA_USAGE = YES_ERROR;
				CLANG_WARN_DOCUMENTATION_COMMENTS = YES;
				CLANG_WARN_EMPTY_BODY = YES;
				CLANG_WARN_ENUM_CONVERSION = YES;
				CLANG_WARN_INFINITE_RECURSION = YES;
				CLANG_WARN_INT_CONVERSION = YES;
				CLANG_WARN_NON_LITERAL_NULL_CONVERSION = YES;
				CLANG_WARN_OBJC_IMPLICIT_RETAIN_SELF = YES;
				CLANG_WARN_OBJC_LITERAL_CONVERSION = YES;
				CLANG_WARN_OBJC_ROOT_CLASS = YES_ERROR;
				CLANG_WARN_RANGE_LOOP_ANALYSIS = YES;
				CLANG_WARN_STRICT_PROTOTYPES = YES;
				CLANG_WARN_SUSPICIOUS_MOVE = YES;
				CLANG_WARN_UNGUARDED_AVAILABILITY = YES_AGGRESSIVE;
				CLANG_WARN_UNREACHABLE_CODE = YES;
				CLANG_WARN__DUPLICATE_METHOD_MATCH = YES;
				CODE_SIGN_IDENTITY = "iPhone Developer";
				COPY_PHASE_STRIP = NO;
				ENABLE_NS_ASSERTIONS = NO;
				ENABLE_STRICT_OBJC_MSGSEND = YES;
				GCC_C_LANGUAGE_STANDARD = gnu11;
				GCC_NO_COMMON_BLOCKS = YES;
				GCC_WARN_64_TO_32_BIT_CONVERSION = YES;
				GCC_WARN_ABOUT_RETURN_TYPE = YES_ERROR;
				GCC_WARN_UNDECLARED_SELECTOR = YES;
				GCC_WARN_UNINITIALIZED_AUTOS = YES_AGGRESSIVE;
				GCC_WARN_UNUSED_FUNCTION = YES;
				GCC_WARN_UNUSED_VARIABLE = YES;
				IPHONEOS_DEPLOYMENT_TARGET = 10.0;
				MTL_ENABLE_DEBUG_INFO = NO;
				MTL_FAST_MATH = YES;
				SDKROOT = iphoneos;
				SWIFT_COMPILATION_MODE = wholemodule;
				SWIFT_OPTIMIZATION_LEVEL = "-O";
				SWIFT_TREAT_WARNINGS_AS_ERRORS = YES;
				VALIDATE_PRODUCT = YES;
			};
			name = "Release-Production";
		};
		9C44111023C76F02006E1E7A /* Release-Production */ = {
			isa = XCBuildConfiguration;
			baseConfigurationReference = 9C44111E23C7721A006E1E7A /* Production.xcconfig */;
			buildSettings = {
				ASSETCATALOG_COMPILER_APPICON_NAME = AppIcon;
				CODE_SIGN_ENTITLEMENTS = "Box-Office-Movies/Box-Office-Movies.entitlements";
				CODE_SIGN_STYLE = Automatic;
				DERIVE_MACCATALYST_PRODUCT_BUNDLE_IDENTIFIER = YES;
				DEVELOPMENT_TEAM = 5GARSM38JL;
				INFOPLIST_FILE = "Box-Office-Movies/Info.plist";
				LD_RUNPATH_SEARCH_PATHS = (
					"$(inherited)",
					"@executable_path/Frameworks",
				);
				PRODUCT_BUNDLE_IDENTIFIER = "$(APP_BUNDLE_IDENTIFIER)";
				PRODUCT_NAME = "$(TARGET_NAME)";
				SUPPORTS_MACCATALYST = YES;
				SWIFT_VERSION = 5.0;
				TARGETED_DEVICE_FAMILY = "1,2";
			};
			name = "Release-Production";
		};
		9C44111123C76F02006E1E7A /* Release-Production */ = {
			isa = XCBuildConfiguration;
			baseConfigurationReference = 9C44111E23C7721A006E1E7A /* Production.xcconfig */;
			buildSettings = {
				ALWAYS_EMBED_SWIFT_STANDARD_LIBRARIES = YES;
				BUNDLE_LOADER = "$(TEST_HOST)";
				CODE_SIGN_STYLE = Automatic;
				DEVELOPMENT_TEAM = MU48Q96H48;
				INFOPLIST_FILE = "Box-Office-MoviesTests/Info.plist";
				LD_RUNPATH_SEARCH_PATHS = (
					"$(inherited)",
					"@executable_path/Frameworks",
					"@loader_path/Frameworks",
				);
				PRODUCT_BUNDLE_IDENTIFIER = "fr.boxotop.Box-Office-MoviesTests";
				PRODUCT_NAME = "$(TARGET_NAME)";
				SWIFT_VERSION = 5.0;
				TARGETED_DEVICE_FAMILY = "1,2";
				TEST_HOST = "$(BUILT_PRODUCTS_DIR)/Box-Office-Movies.app/Box-Office-Movies";
			};
			name = "Release-Production";
		};
		9C44111223C76F02006E1E7A /* Release-Production */ = {
			isa = XCBuildConfiguration;
			baseConfigurationReference = 9C44111E23C7721A006E1E7A /* Production.xcconfig */;
			buildSettings = {
				CODE_SIGN_STYLE = Automatic;
				DEVELOPMENT_TEAM = MU48Q96H48;
				INFOPLIST_FILE = "Box-Office-MoviesUITests/Info.plist";
				IPHONEOS_DEPLOYMENT_TARGET = 12.2;
				LD_RUNPATH_SEARCH_PATHS = (
					"$(inherited)",
					"@executable_path/Frameworks",
					"@loader_path/Frameworks",
				);
				PRODUCT_BUNDLE_IDENTIFIER = "fr.boxotop.Box-Office-MoviesUITests";
				PRODUCT_NAME = "$(TARGET_NAME)";
				SWIFT_VERSION = 5.0;
				TARGETED_DEVICE_FAMILY = "1,2";
				TEST_TARGET_NAME = "Box-Office-Movies";
			};
			name = "Release-Production";
		};
		9C44111323C76F05006E1E7A /* Release-Staging */ = {
			isa = XCBuildConfiguration;
			baseConfigurationReference = 9C44111C23C771FD006E1E7A /* Staging.xcconfig */;
			buildSettings = {
				ALWAYS_SEARCH_USER_PATHS = NO;
				CLANG_ANALYZER_LOCALIZABILITY_NONLOCALIZED = YES;
				CLANG_ANALYZER_NONNULL = YES;
				CLANG_ANALYZER_NUMBER_OBJECT_CONVERSION = YES_AGGRESSIVE;
				CLANG_CXX_LANGUAGE_STANDARD = "gnu++14";
				CLANG_CXX_LIBRARY = "libc++";
				CLANG_ENABLE_MODULES = YES;
				CLANG_ENABLE_OBJC_ARC = YES;
				CLANG_ENABLE_OBJC_WEAK = YES;
				CLANG_WARN_BLOCK_CAPTURE_AUTORELEASING = YES;
				CLANG_WARN_BOOL_CONVERSION = YES;
				CLANG_WARN_COMMA = YES;
				CLANG_WARN_CONSTANT_CONVERSION = YES;
				CLANG_WARN_DEPRECATED_OBJC_IMPLEMENTATIONS = YES;
				CLANG_WARN_DIRECT_OBJC_ISA_USAGE = YES_ERROR;
				CLANG_WARN_DOCUMENTATION_COMMENTS = YES;
				CLANG_WARN_EMPTY_BODY = YES;
				CLANG_WARN_ENUM_CONVERSION = YES;
				CLANG_WARN_INFINITE_RECURSION = YES;
				CLANG_WARN_INT_CONVERSION = YES;
				CLANG_WARN_NON_LITERAL_NULL_CONVERSION = YES;
				CLANG_WARN_OBJC_IMPLICIT_RETAIN_SELF = YES;
				CLANG_WARN_OBJC_LITERAL_CONVERSION = YES;
				CLANG_WARN_OBJC_ROOT_CLASS = YES_ERROR;
				CLANG_WARN_RANGE_LOOP_ANALYSIS = YES;
				CLANG_WARN_STRICT_PROTOTYPES = YES;
				CLANG_WARN_SUSPICIOUS_MOVE = YES;
				CLANG_WARN_UNGUARDED_AVAILABILITY = YES_AGGRESSIVE;
				CLANG_WARN_UNREACHABLE_CODE = YES;
				CLANG_WARN__DUPLICATE_METHOD_MATCH = YES;
				CODE_SIGN_IDENTITY = "iPhone Developer";
				COPY_PHASE_STRIP = NO;
				ENABLE_NS_ASSERTIONS = NO;
				ENABLE_STRICT_OBJC_MSGSEND = YES;
				GCC_C_LANGUAGE_STANDARD = gnu11;
				GCC_NO_COMMON_BLOCKS = YES;
				GCC_WARN_64_TO_32_BIT_CONVERSION = YES;
				GCC_WARN_ABOUT_RETURN_TYPE = YES_ERROR;
				GCC_WARN_UNDECLARED_SELECTOR = YES;
				GCC_WARN_UNINITIALIZED_AUTOS = YES_AGGRESSIVE;
				GCC_WARN_UNUSED_FUNCTION = YES;
				GCC_WARN_UNUSED_VARIABLE = YES;
				IPHONEOS_DEPLOYMENT_TARGET = 10.0;
				MTL_ENABLE_DEBUG_INFO = NO;
				MTL_FAST_MATH = YES;
				SDKROOT = iphoneos;
				SWIFT_COMPILATION_MODE = wholemodule;
				SWIFT_OPTIMIZATION_LEVEL = "-O";
				SWIFT_TREAT_WARNINGS_AS_ERRORS = YES;
				VALIDATE_PRODUCT = YES;
			};
			name = "Release-Staging";
		};
		9C44111423C76F05006E1E7A /* Release-Staging */ = {
			isa = XCBuildConfiguration;
			baseConfigurationReference = 9C44111C23C771FD006E1E7A /* Staging.xcconfig */;
			buildSettings = {
				ASSETCATALOG_COMPILER_APPICON_NAME = AppIcon;
				CODE_SIGN_ENTITLEMENTS = "Box-Office-Movies/Box-Office-Movies.entitlements";
				CODE_SIGN_STYLE = Automatic;
				DEVELOPMENT_TEAM = 5GARSM38JL;
				DERIVE_MACCATALYST_PRODUCT_BUNDLE_IDENTIFIER = YES;
				INFOPLIST_FILE = "Box-Office-Movies/Info.plist";
				LD_RUNPATH_SEARCH_PATHS = (
					"$(inherited)",
					"@executable_path/Frameworks",
				);
				PRODUCT_BUNDLE_IDENTIFIER = "$(APP_BUNDLE_IDENTIFIER)";
				PRODUCT_NAME = "$(TARGET_NAME)";
				SUPPORTS_MACCATALYST = YES;
				SWIFT_VERSION = 5.0;
				TARGETED_DEVICE_FAMILY = "1,2";
			};
			name = "Release-Staging";
		};
		9C44111523C76F05006E1E7A /* Release-Staging */ = {
			isa = XCBuildConfiguration;
			baseConfigurationReference = 9C44111C23C771FD006E1E7A /* Staging.xcconfig */;
			buildSettings = {
				ALWAYS_EMBED_SWIFT_STANDARD_LIBRARIES = YES;
				BUNDLE_LOADER = "$(TEST_HOST)";
				CODE_SIGN_STYLE = Automatic;
				DEVELOPMENT_TEAM = MU48Q96H48;
				INFOPLIST_FILE = "Box-Office-MoviesTests/Info.plist";
				LD_RUNPATH_SEARCH_PATHS = (
					"$(inherited)",
					"@executable_path/Frameworks",
					"@loader_path/Frameworks",
				);
				PRODUCT_BUNDLE_IDENTIFIER = "fr.boxotop.Box-Office-MoviesTests";
				PRODUCT_NAME = "$(TARGET_NAME)";
				SWIFT_VERSION = 5.0;
				TARGETED_DEVICE_FAMILY = "1,2";
				TEST_HOST = "$(BUILT_PRODUCTS_DIR)/Box-Office-Movies.app/Box-Office-Movies";
			};
			name = "Release-Staging";
		};
		9C44111623C76F05006E1E7A /* Release-Staging */ = {
			isa = XCBuildConfiguration;
			baseConfigurationReference = 9C44111C23C771FD006E1E7A /* Staging.xcconfig */;
			buildSettings = {
				CODE_SIGN_STYLE = Automatic;
				DEVELOPMENT_TEAM = MU48Q96H48;
				INFOPLIST_FILE = "Box-Office-MoviesUITests/Info.plist";
				IPHONEOS_DEPLOYMENT_TARGET = 12.2;
				LD_RUNPATH_SEARCH_PATHS = (
					"$(inherited)",
					"@executable_path/Frameworks",
					"@loader_path/Frameworks",
				);
				PRODUCT_BUNDLE_IDENTIFIER = "fr.boxotop.Box-Office-MoviesUITests";
				PRODUCT_NAME = "$(TARGET_NAME)";
				SWIFT_VERSION = 5.0;
				TARGETED_DEVICE_FAMILY = "1,2";
				TEST_TARGET_NAME = "Box-Office-Movies";
			};
			name = "Release-Staging";
		};
		9CDC95F32243FFB30051925E /* Debug-Development */ = {
			isa = XCBuildConfiguration;
			baseConfigurationReference = 9C44111A23C7718A006E1E7A /* Development.xcconfig */;
			buildSettings = {
				ALWAYS_SEARCH_USER_PATHS = NO;
				CLANG_ANALYZER_LOCALIZABILITY_NONLOCALIZED = YES;
				CLANG_ANALYZER_NONNULL = YES;
				CLANG_ANALYZER_NUMBER_OBJECT_CONVERSION = YES_AGGRESSIVE;
				CLANG_CXX_LANGUAGE_STANDARD = "gnu++14";
				CLANG_CXX_LIBRARY = "libc++";
				CLANG_ENABLE_MODULES = YES;
				CLANG_ENABLE_OBJC_ARC = YES;
				CLANG_ENABLE_OBJC_WEAK = YES;
				CLANG_WARN_BLOCK_CAPTURE_AUTORELEASING = YES;
				CLANG_WARN_BOOL_CONVERSION = YES;
				CLANG_WARN_COMMA = YES;
				CLANG_WARN_CONSTANT_CONVERSION = YES;
				CLANG_WARN_DEPRECATED_OBJC_IMPLEMENTATIONS = YES;
				CLANG_WARN_DIRECT_OBJC_ISA_USAGE = YES_ERROR;
				CLANG_WARN_DOCUMENTATION_COMMENTS = YES;
				CLANG_WARN_EMPTY_BODY = YES;
				CLANG_WARN_ENUM_CONVERSION = YES;
				CLANG_WARN_INFINITE_RECURSION = YES;
				CLANG_WARN_INT_CONVERSION = YES;
				CLANG_WARN_NON_LITERAL_NULL_CONVERSION = YES;
				CLANG_WARN_OBJC_IMPLICIT_RETAIN_SELF = YES;
				CLANG_WARN_OBJC_LITERAL_CONVERSION = YES;
				CLANG_WARN_OBJC_ROOT_CLASS = YES_ERROR;
				CLANG_WARN_RANGE_LOOP_ANALYSIS = YES;
				CLANG_WARN_STRICT_PROTOTYPES = YES;
				CLANG_WARN_SUSPICIOUS_MOVE = YES;
				CLANG_WARN_UNGUARDED_AVAILABILITY = YES_AGGRESSIVE;
				CLANG_WARN_UNREACHABLE_CODE = YES;
				CLANG_WARN__DUPLICATE_METHOD_MATCH = YES;
				CODE_SIGN_IDENTITY = "iPhone Developer";
				COPY_PHASE_STRIP = NO;
				ENABLE_STRICT_OBJC_MSGSEND = YES;
				ENABLE_TESTABILITY = YES;
				GCC_C_LANGUAGE_STANDARD = gnu11;
				GCC_DYNAMIC_NO_PIC = NO;
				GCC_NO_COMMON_BLOCKS = YES;
				GCC_OPTIMIZATION_LEVEL = 0;
				GCC_PREPROCESSOR_DEFINITIONS = (
					"DEBUG=1",
					"$(inherited)",
				);
				GCC_WARN_64_TO_32_BIT_CONVERSION = YES;
				GCC_WARN_ABOUT_RETURN_TYPE = YES_ERROR;
				GCC_WARN_UNDECLARED_SELECTOR = YES;
				GCC_WARN_UNINITIALIZED_AUTOS = YES_AGGRESSIVE;
				GCC_WARN_UNUSED_FUNCTION = YES;
				GCC_WARN_UNUSED_VARIABLE = YES;
				IPHONEOS_DEPLOYMENT_TARGET = 10.0;
				MTL_ENABLE_DEBUG_INFO = INCLUDE_SOURCE;
				MTL_FAST_MATH = YES;
				ONLY_ACTIVE_ARCH = YES;
				SDKROOT = iphoneos;
				SWIFT_ACTIVE_COMPILATION_CONDITIONS = DEBUG;
				SWIFT_OPTIMIZATION_LEVEL = "-Onone";
				SWIFT_TREAT_WARNINGS_AS_ERRORS = YES;
			};
			name = "Debug-Development";
		};
		9CDC95F42243FFB30051925E /* Release-Development */ = {
			isa = XCBuildConfiguration;
			baseConfigurationReference = 9C44111A23C7718A006E1E7A /* Development.xcconfig */;
			buildSettings = {
				ALWAYS_SEARCH_USER_PATHS = NO;
				CLANG_ANALYZER_LOCALIZABILITY_NONLOCALIZED = YES;
				CLANG_ANALYZER_NONNULL = YES;
				CLANG_ANALYZER_NUMBER_OBJECT_CONVERSION = YES_AGGRESSIVE;
				CLANG_CXX_LANGUAGE_STANDARD = "gnu++14";
				CLANG_CXX_LIBRARY = "libc++";
				CLANG_ENABLE_MODULES = YES;
				CLANG_ENABLE_OBJC_ARC = YES;
				CLANG_ENABLE_OBJC_WEAK = YES;
				CLANG_WARN_BLOCK_CAPTURE_AUTORELEASING = YES;
				CLANG_WARN_BOOL_CONVERSION = YES;
				CLANG_WARN_COMMA = YES;
				CLANG_WARN_CONSTANT_CONVERSION = YES;
				CLANG_WARN_DEPRECATED_OBJC_IMPLEMENTATIONS = YES;
				CLANG_WARN_DIRECT_OBJC_ISA_USAGE = YES_ERROR;
				CLANG_WARN_DOCUMENTATION_COMMENTS = YES;
				CLANG_WARN_EMPTY_BODY = YES;
				CLANG_WARN_ENUM_CONVERSION = YES;
				CLANG_WARN_INFINITE_RECURSION = YES;
				CLANG_WARN_INT_CONVERSION = YES;
				CLANG_WARN_NON_LITERAL_NULL_CONVERSION = YES;
				CLANG_WARN_OBJC_IMPLICIT_RETAIN_SELF = YES;
				CLANG_WARN_OBJC_LITERAL_CONVERSION = YES;
				CLANG_WARN_OBJC_ROOT_CLASS = YES_ERROR;
				CLANG_WARN_RANGE_LOOP_ANALYSIS = YES;
				CLANG_WARN_STRICT_PROTOTYPES = YES;
				CLANG_WARN_SUSPICIOUS_MOVE = YES;
				CLANG_WARN_UNGUARDED_AVAILABILITY = YES_AGGRESSIVE;
				CLANG_WARN_UNREACHABLE_CODE = YES;
				CLANG_WARN__DUPLICATE_METHOD_MATCH = YES;
				CODE_SIGN_IDENTITY = "iPhone Developer";
				COPY_PHASE_STRIP = NO;
				ENABLE_NS_ASSERTIONS = NO;
				ENABLE_STRICT_OBJC_MSGSEND = YES;
				ENABLE_TESTABILITY = YES;
				GCC_C_LANGUAGE_STANDARD = gnu11;
				GCC_NO_COMMON_BLOCKS = YES;
				GCC_WARN_64_TO_32_BIT_CONVERSION = YES;
				GCC_WARN_ABOUT_RETURN_TYPE = YES_ERROR;
				GCC_WARN_UNDECLARED_SELECTOR = YES;
				GCC_WARN_UNINITIALIZED_AUTOS = YES_AGGRESSIVE;
				GCC_WARN_UNUSED_FUNCTION = YES;
				GCC_WARN_UNUSED_VARIABLE = YES;
				IPHONEOS_DEPLOYMENT_TARGET = 10.0;
				MTL_ENABLE_DEBUG_INFO = NO;
				MTL_FAST_MATH = YES;
				ONLY_ACTIVE_ARCH = YES;
				SDKROOT = iphoneos;
				SWIFT_COMPILATION_MODE = wholemodule;
				SWIFT_OPTIMIZATION_LEVEL = "-O";
				SWIFT_TREAT_WARNINGS_AS_ERRORS = YES;
				VALIDATE_PRODUCT = YES;
			};
			name = "Release-Development";
		};
		9CDC95F62243FFB30051925E /* Debug-Development */ = {
			isa = XCBuildConfiguration;
			baseConfigurationReference = 9C44111A23C7718A006E1E7A /* Development.xcconfig */;
			buildSettings = {
				ASSETCATALOG_COMPILER_APPICON_NAME = AppIcon;
				CODE_SIGN_ENTITLEMENTS = "Box-Office-Movies/Box-Office-Movies.entitlements";
				CODE_SIGN_STYLE = Automatic;
				DEVELOPMENT_TEAM = 5GARSM38JL;
				INFOPLIST_FILE = "Box-Office-Movies/Info.plist";
				LD_RUNPATH_SEARCH_PATHS = (
					"$(inherited)",
					"@executable_path/Frameworks",
				);
				PRODUCT_BUNDLE_IDENTIFIER = "$(APP_BUNDLE_IDENTIFIER)";
				PRODUCT_NAME = "$(TARGET_NAME)";
				SWIFT_VERSION = 5.0;
				TARGETED_DEVICE_FAMILY = "1,2";
			};
			name = "Debug-Development";
		};
		9CDC95F72243FFB30051925E /* Release-Development */ = {
			isa = XCBuildConfiguration;
			baseConfigurationReference = 9C44111A23C7718A006E1E7A /* Development.xcconfig */;
			buildSettings = {
				ASSETCATALOG_COMPILER_APPICON_NAME = AppIcon;
				CODE_SIGN_ENTITLEMENTS = "Box-Office-Movies/Box-Office-Movies.entitlements";
				CODE_SIGN_STYLE = Automatic;
				DEVELOPMENT_TEAM = 5GARSM38JL;
				INFOPLIST_FILE = "Box-Office-Movies/Info.plist";
				LD_RUNPATH_SEARCH_PATHS = (
					"$(inherited)",
					"@executable_path/Frameworks",
				);
				PRODUCT_BUNDLE_IDENTIFIER = "$(APP_BUNDLE_IDENTIFIER)";
				PRODUCT_NAME = "$(TARGET_NAME)";
				SWIFT_VERSION = 5.0;
				TARGETED_DEVICE_FAMILY = "1,2";
			};
			name = "Release-Development";
		};
		9CDC95F92243FFB30051925E /* Debug-Development */ = {
			isa = XCBuildConfiguration;
			baseConfigurationReference = 9C44111A23C7718A006E1E7A /* Development.xcconfig */;
			buildSettings = {
				ALWAYS_EMBED_SWIFT_STANDARD_LIBRARIES = YES;
				BUNDLE_LOADER = "$(TEST_HOST)";
				CODE_SIGN_STYLE = Automatic;
				DEVELOPMENT_TEAM = MU48Q96H48;
				INFOPLIST_FILE = "Box-Office-MoviesTests/Info.plist";
				LD_RUNPATH_SEARCH_PATHS = (
					"$(inherited)",
					"@executable_path/Frameworks",
					"@loader_path/Frameworks",
				);
				PRODUCT_BUNDLE_IDENTIFIER = "fr.boxotop.Box-Office-MoviesTests";
				PRODUCT_NAME = "$(TARGET_NAME)";
				SWIFT_VERSION = 5.0;
				TARGETED_DEVICE_FAMILY = "1,2";
				TEST_HOST = "$(BUILT_PRODUCTS_DIR)/Box-Office-Movies.app/Box-Office-Movies";
			};
			name = "Debug-Development";
		};
		9CDC95FA2243FFB30051925E /* Release-Development */ = {
			isa = XCBuildConfiguration;
			baseConfigurationReference = 9C44111A23C7718A006E1E7A /* Development.xcconfig */;
			buildSettings = {
				ALWAYS_EMBED_SWIFT_STANDARD_LIBRARIES = YES;
				BUNDLE_LOADER = "$(TEST_HOST)";
				CODE_SIGN_STYLE = Automatic;
				DEVELOPMENT_TEAM = MU48Q96H48;
				INFOPLIST_FILE = "Box-Office-MoviesTests/Info.plist";
				LD_RUNPATH_SEARCH_PATHS = (
					"$(inherited)",
					"@executable_path/Frameworks",
					"@loader_path/Frameworks",
				);
				PRODUCT_BUNDLE_IDENTIFIER = "fr.boxotop.Box-Office-MoviesTests";
				PRODUCT_NAME = "$(TARGET_NAME)";
				SWIFT_VERSION = 5.0;
				TARGETED_DEVICE_FAMILY = "1,2";
				TEST_HOST = "$(BUILT_PRODUCTS_DIR)/Box-Office-Movies.app/Box-Office-Movies";
			};
			name = "Release-Development";
		};
		9CFAE4C822C78D9600893908 /* Debug-Development */ = {
			isa = XCBuildConfiguration;
			baseConfigurationReference = 9C44111A23C7718A006E1E7A /* Development.xcconfig */;
			buildSettings = {
				CODE_SIGN_STYLE = Automatic;
				DEVELOPMENT_TEAM = MU48Q96H48;
				INFOPLIST_FILE = "Box-Office-MoviesUITests/Info.plist";
				IPHONEOS_DEPLOYMENT_TARGET = 12.2;
				LD_RUNPATH_SEARCH_PATHS = (
					"$(inherited)",
					"@executable_path/Frameworks",
					"@loader_path/Frameworks",
				);
				PRODUCT_BUNDLE_IDENTIFIER = "fr.boxotop.Box-Office-MoviesUITests";
				PRODUCT_NAME = "$(TARGET_NAME)";
				SWIFT_VERSION = 5.0;
				TARGETED_DEVICE_FAMILY = "1,2";
				TEST_TARGET_NAME = "Box-Office-Movies";
			};
			name = "Debug-Development";
		};
		9CFAE4C922C78D9600893908 /* Release-Development */ = {
			isa = XCBuildConfiguration;
			baseConfigurationReference = 9C44111A23C7718A006E1E7A /* Development.xcconfig */;
			buildSettings = {
				CODE_SIGN_STYLE = Automatic;
				DEVELOPMENT_TEAM = MU48Q96H48;
				INFOPLIST_FILE = "Box-Office-MoviesUITests/Info.plist";
				IPHONEOS_DEPLOYMENT_TARGET = 12.2;
				LD_RUNPATH_SEARCH_PATHS = (
					"$(inherited)",
					"@executable_path/Frameworks",
					"@loader_path/Frameworks",
				);
				PRODUCT_BUNDLE_IDENTIFIER = "fr.boxotop.Box-Office-MoviesUITests";
				PRODUCT_NAME = "$(TARGET_NAME)";
				SWIFT_VERSION = 5.0;
				TARGETED_DEVICE_FAMILY = "1,2";
				TEST_TARGET_NAME = "Box-Office-Movies";
			};
			name = "Release-Development";
		};
/* End XCBuildConfiguration section */

/* Begin XCConfigurationList section */
		9CDC95D12243FFB10051925E /* Build configuration list for PBXProject "Box-Office-Movies" */ = {
			isa = XCConfigurationList;
			buildConfigurations = (
				9CDC95F32243FFB30051925E /* Debug-Development */,
				9C05D829243A1E3F00610B65 /* Debug-Development_CI */,
				9C44110B23C76EFE006E1E7A /* Debug-Staging */,
				9C44110723C76EFC006E1E7A /* Debug-Production */,
				9CDC95F42243FFB30051925E /* Release-Development */,
				9C05D82D243A23D000610B65 /* Release-Development_CI */,
				9C44111323C76F05006E1E7A /* Release-Staging */,
				9C44110F23C76F02006E1E7A /* Release-Production */,
			);
			defaultConfigurationIsVisible = 0;
			defaultConfigurationName = "Release-Development";
		};
		9CDC95F52243FFB30051925E /* Build configuration list for PBXNativeTarget "Box-Office-Movies" */ = {
			isa = XCConfigurationList;
			buildConfigurations = (
				9CDC95F62243FFB30051925E /* Debug-Development */,
				9C05D82A243A1E3F00610B65 /* Debug-Development_CI */,
				9C44110C23C76EFE006E1E7A /* Debug-Staging */,
				9C44110823C76EFC006E1E7A /* Debug-Production */,
				9CDC95F72243FFB30051925E /* Release-Development */,
				9C05D82E243A23D000610B65 /* Release-Development_CI */,
				9C44111423C76F05006E1E7A /* Release-Staging */,
				9C44111023C76F02006E1E7A /* Release-Production */,
			);
			defaultConfigurationIsVisible = 0;
			defaultConfigurationName = "Release-Development";
		};
		9CDC95F82243FFB30051925E /* Build configuration list for PBXNativeTarget "Box-Office-MoviesTests" */ = {
			isa = XCConfigurationList;
			buildConfigurations = (
				9CDC95F92243FFB30051925E /* Debug-Development */,
				9C05D82B243A1E3F00610B65 /* Debug-Development_CI */,
				9C44110D23C76EFE006E1E7A /* Debug-Staging */,
				9C44110923C76EFC006E1E7A /* Debug-Production */,
				9CDC95FA2243FFB30051925E /* Release-Development */,
				9C05D82F243A23D000610B65 /* Release-Development_CI */,
				9C44111523C76F05006E1E7A /* Release-Staging */,
				9C44111123C76F02006E1E7A /* Release-Production */,
			);
			defaultConfigurationIsVisible = 0;
			defaultConfigurationName = "Release-Development";
		};
		9CFAE4CA22C78D9600893908 /* Build configuration list for PBXNativeTarget "Box-Office-MoviesUITests" */ = {
			isa = XCConfigurationList;
			buildConfigurations = (
				9CFAE4C822C78D9600893908 /* Debug-Development */,
				9C05D82C243A1E3F00610B65 /* Debug-Development_CI */,
				9C44110E23C76EFE006E1E7A /* Debug-Staging */,
				9C44110A23C76EFC006E1E7A /* Debug-Production */,
				9CFAE4C922C78D9600893908 /* Release-Development */,
				9C05D830243A23D000610B65 /* Release-Development_CI */,
				9C44111623C76F05006E1E7A /* Release-Staging */,
				9C44111223C76F02006E1E7A /* Release-Production */,
			);
			defaultConfigurationIsVisible = 0;
			defaultConfigurationName = "Release-Development";
		};
/* End XCConfigurationList section */
	};
	rootObject = 9CDC95CE2243FFB10051925E /* Project object */;
}
