// !$*UTF8*$!
{
	archiveVersion = 1;
	classes = {
	};
	objectVersion = 50;
	objects = {

/* Begin PBXBuildFile section */
		9C4935EA224A95CD00359378 /* AdditionalInformationTableViewCell.swift in Sources */ = {isa = PBXBuildFile; fileRef = 9C4935E9224A95CD00359378 /* AdditionalInformationTableViewCell.swift */; };
		9C5AD034225653ED009CC78A /* MovieDetailsViewControllerTests.swift in Sources */ = {isa = PBXBuildFile; fileRef = 9C5AD031225653ED009CC78A /* MovieDetailsViewControllerTests.swift */; };
		9C5AD035225653ED009CC78A /* MovieDetailsInteractorTests.swift in Sources */ = {isa = PBXBuildFile; fileRef = 9C5AD032225653ED009CC78A /* MovieDetailsInteractorTests.swift */; };
		9C5AD036225653ED009CC78A /* MovieDetailsPresenterTests.swift in Sources */ = {isa = PBXBuildFile; fileRef = 9C5AD033225653ED009CC78A /* MovieDetailsPresenterTests.swift */; };
		9C648806225538D900A1541F /* ErrorStackView.swift in Sources */ = {isa = PBXBuildFile; fileRef = 9C648805225538D900A1541F /* ErrorStackView.swift */; };
		9C90009522510AE600399CF3 /* Localizable.strings in Resources */ = {isa = PBXBuildFile; fileRef = 9C90009722510AE600399CF3 /* Localizable.strings */; };
		9CDC95DA2243FFB10051925E /* AppDelegate.swift in Sources */ = {isa = PBXBuildFile; fileRef = 9CDC95D92243FFB10051925E /* AppDelegate.swift */; };
		9CDC95E12243FFB10051925E /* Main.storyboard in Resources */ = {isa = PBXBuildFile; fileRef = 9CDC95DF2243FFB10051925E /* Main.storyboard */; };
		9CDC95E32243FFB30051925E /* Assets.xcassets in Resources */ = {isa = PBXBuildFile; fileRef = 9CDC95E22243FFB30051925E /* Assets.xcassets */; };
		9CDC95E62243FFB30051925E /* LaunchScreen.storyboard in Resources */ = {isa = PBXBuildFile; fileRef = 9CDC95E42243FFB30051925E /* LaunchScreen.storyboard */; };
		9CDC95F12243FFB30051925E /* Box_Office_MoviesTests.swift in Sources */ = {isa = PBXBuildFile; fileRef = 9CDC95F02243FFB30051925E /* Box_Office_MoviesTests.swift */; };
		9CDC960D2244034B0051925E /* Constants.swift in Sources */ = {isa = PBXBuildFile; fileRef = 9CDC96002244034A0051925E /* Constants.swift */; };
		9CDC960E2244034B0051925E /* MovieNetworkController.swift in Sources */ = {isa = PBXBuildFile; fileRef = 9CDC96022244034A0051925E /* MovieNetworkController.swift */; };
		9CDC960F2244034B0051925E /* NetworkController.swift in Sources */ = {isa = PBXBuildFile; fileRef = 9CDC96032244034A0051925E /* NetworkController.swift */; };
		9CDC96102244034B0051925E /* NetworkRequest.swift in Sources */ = {isa = PBXBuildFile; fileRef = 9CDC96042244034A0051925E /* NetworkRequest.swift */; };
		9CDC96112244034B0051925E /* MovieManager.swift in Sources */ = {isa = PBXBuildFile; fileRef = 9CDC96062244034A0051925E /* MovieManager.swift */; };
		9CDC96122244034B0051925E /* ManagerProvider.swift in Sources */ = {isa = PBXBuildFile; fileRef = 9CDC96072244034A0051925E /* ManagerProvider.swift */; };
		9CDC9618224546CA0051925E /* Movie.swift in Sources */ = {isa = PBXBuildFile; fileRef = 9CDC9617224546CA0051925E /* Movie.swift */; };
		9CDC961A22454D780051925E /* MovieDetails.swift in Sources */ = {isa = PBXBuildFile; fileRef = 9CDC961922454D780051925E /* MovieDetails.swift */; };
		9CDC961C2245500C0051925E /* NowPlayingMoviesNetworkRequest.swift in Sources */ = {isa = PBXBuildFile; fileRef = 9CDC961B2245500C0051925E /* NowPlayingMoviesNetworkRequest.swift */; };
		9CDC961E224550240051925E /* MovieDetailsNetworkRequest.swift in Sources */ = {isa = PBXBuildFile; fileRef = 9CDC961D224550240051925E /* MovieDetailsNetworkRequest.swift */; };
		9CDC9625224647F40051925E /* Environment.swift in Sources */ = {isa = PBXBuildFile; fileRef = 9CDC9624224647F40051925E /* Environment.swift */; };
		9CDC962722464AAF0051925E /* TheMovieDatabaseAPIConfigurationNetworkRequest.swift in Sources */ = {isa = PBXBuildFile; fileRef = 9CDC962622464AAF0051925E /* TheMovieDatabaseAPIConfigurationNetworkRequest.swift */; };
		9CDC962922464B020051925E /* TheMovieDatabaseAPIConfiguration.swift in Sources */ = {isa = PBXBuildFile; fileRef = 9CDC962822464B020051925E /* TheMovieDatabaseAPIConfiguration.swift */; };
		9CDC962F224650590051925E /* PosterNetworkRequest.swift in Sources */ = {isa = PBXBuildFile; fileRef = 9CDC962E224650590051925E /* PosterNetworkRequest.swift */; };
		9CDC9631224650B70051925E /* CastingNetworkRequest.swift in Sources */ = {isa = PBXBuildFile; fileRef = 9CDC9630224650B70051925E /* CastingNetworkRequest.swift */; };
		9CDC9633224651770051925E /* Casting.swift in Sources */ = {isa = PBXBuildFile; fileRef = 9CDC9632224651770051925E /* Casting.swift */; };
		9CDC96352246531C0051925E /* SimilarMoviesNetworkRequest.swift in Sources */ = {isa = PBXBuildFile; fileRef = 9CDC96342246531C0051925E /* SimilarMoviesNetworkRequest.swift */; };
		9CDC963922468F120051925E /* PaginatedMovieList.swift in Sources */ = {isa = PBXBuildFile; fileRef = 9CDC963822468F120051925E /* PaginatedMovieList.swift */; };
		9CDC96512247C2DE0051925E /* NowPlayingMovies+SceneSetup.swift in Sources */ = {isa = PBXBuildFile; fileRef = 9CDC964B2247C2DE0051925E /* NowPlayingMovies+SceneSetup.swift */; };
		9CDC96522247C2DE0051925E /* NowPlayingMoviesPresenter.swift in Sources */ = {isa = PBXBuildFile; fileRef = 9CDC964C2247C2DE0051925E /* NowPlayingMoviesPresenter.swift */; };
		9CDC96532247C2DE0051925E /* NowPlayingMoviesRouter.swift in Sources */ = {isa = PBXBuildFile; fileRef = 9CDC964D2247C2DE0051925E /* NowPlayingMoviesRouter.swift */; };
		9CDC96542247C2DE0051925E /* NowPlayingMoviesModels.swift in Sources */ = {isa = PBXBuildFile; fileRef = 9CDC964E2247C2DE0051925E /* NowPlayingMoviesModels.swift */; };
		9CDC96552247C2DE0051925E /* NowPlayingMoviesViewController.swift in Sources */ = {isa = PBXBuildFile; fileRef = 9CDC964F2247C2DE0051925E /* NowPlayingMoviesViewController.swift */; };
		9CDC96562247C2DE0051925E /* NowPlayingMoviesInteractor.swift in Sources */ = {isa = PBXBuildFile; fileRef = 9CDC96502247C2DE0051925E /* NowPlayingMoviesInteractor.swift */; };
		9CDC965C2247CAB70051925E /* UIView.swift in Sources */ = {isa = PBXBuildFile; fileRef = 9CDC965A2247CAB70051925E /* UIView.swift */; };
		9CDC965D2247CAB70051925E /* UIViewController.swift in Sources */ = {isa = PBXBuildFile; fileRef = 9CDC965B2247CAB70051925E /* UIViewController.swift */; };
		9CDC96652247DA510051925E /* MovieDetails+SceneSetup.swift in Sources */ = {isa = PBXBuildFile; fileRef = 9CDC965F2247DA510051925E /* MovieDetails+SceneSetup.swift */; };
		9CDC96662247DA510051925E /* MovieDetailsPresenter.swift in Sources */ = {isa = PBXBuildFile; fileRef = 9CDC96602247DA510051925E /* MovieDetailsPresenter.swift */; };
		9CDC96672247DA510051925E /* MovieDetailsRouter.swift in Sources */ = {isa = PBXBuildFile; fileRef = 9CDC96612247DA510051925E /* MovieDetailsRouter.swift */; };
		9CDC96682247DA510051925E /* MovieDetailsModels.swift in Sources */ = {isa = PBXBuildFile; fileRef = 9CDC96622247DA510051925E /* MovieDetailsModels.swift */; };
		9CDC96692247DA510051925E /* MovieDetailsViewController.swift in Sources */ = {isa = PBXBuildFile; fileRef = 9CDC96632247DA510051925E /* MovieDetailsViewController.swift */; };
		9CDC966A2247DA510051925E /* MovieDetailsInteractor.swift in Sources */ = {isa = PBXBuildFile; fileRef = 9CDC96642247DA510051925E /* MovieDetailsInteractor.swift */; };
		9CDC966C2247E49E0051925E /* String.swift in Sources */ = {isa = PBXBuildFile; fileRef = 9CDC966B2247E49E0051925E /* String.swift */; };
/* End PBXBuildFile section */

/* Begin PBXContainerItemProxy section */
		9CDC95ED2243FFB30051925E /* PBXContainerItemProxy */ = {
			isa = PBXContainerItemProxy;
			containerPortal = 9CDC95CE2243FFB10051925E /* Project object */;
			proxyType = 1;
			remoteGlobalIDString = 9CDC95D52243FFB10051925E;
			remoteInfo = "Box-Office-Movies";
		};
/* End PBXContainerItemProxy section */

/* Begin PBXFileReference section */
		9C4935E9224A95CD00359378 /* AdditionalInformationTableViewCell.swift */ = {isa = PBXFileReference; lastKnownFileType = sourcecode.swift; path = AdditionalInformationTableViewCell.swift; sourceTree = "<group>"; };
		9C5AD02A22564FFA009CC78A /* en */ = {isa = PBXFileReference; lastKnownFileType = text.plist.strings; name = en; path = en.lproj/Main.strings; sourceTree = "<group>"; };
		9C5AD02E225650BB009CC78A /* fr */ = {isa = PBXFileReference; lastKnownFileType = text.plist.strings; name = fr; path = fr.lproj/Main.strings; sourceTree = "<group>"; };
		9C5AD031225653ED009CC78A /* MovieDetailsViewControllerTests.swift */ = {isa = PBXFileReference; lastKnownFileType = sourcecode.swift; path = MovieDetailsViewControllerTests.swift; sourceTree = "<group>"; };
		9C5AD032225653ED009CC78A /* MovieDetailsInteractorTests.swift */ = {isa = PBXFileReference; lastKnownFileType = sourcecode.swift; path = MovieDetailsInteractorTests.swift; sourceTree = "<group>"; };
		9C5AD033225653ED009CC78A /* MovieDetailsPresenterTests.swift */ = {isa = PBXFileReference; lastKnownFileType = sourcecode.swift; path = MovieDetailsPresenterTests.swift; sourceTree = "<group>"; };
		9C648805225538D900A1541F /* ErrorStackView.swift */ = {isa = PBXFileReference; lastKnownFileType = sourcecode.swift; path = ErrorStackView.swift; sourceTree = "<group>"; };
		9C90009622510AE600399CF3 /* en */ = {isa = PBXFileReference; lastKnownFileType = text.plist.strings; name = en; path = en.lproj/Localizable.strings; sourceTree = "<group>"; };
		9C90009822510AEA00399CF3 /* fr */ = {isa = PBXFileReference; lastKnownFileType = text.plist.strings; name = fr; path = fr.lproj/Localizable.strings; sourceTree = "<group>"; };
		9CDC95D62243FFB10051925E /* Box-Office-Movies.app */ = {isa = PBXFileReference; explicitFileType = wrapper.application; includeInIndex = 0; path = "Box-Office-Movies.app"; sourceTree = BUILT_PRODUCTS_DIR; };
		9CDC95D92243FFB10051925E /* AppDelegate.swift */ = {isa = PBXFileReference; lastKnownFileType = sourcecode.swift; path = AppDelegate.swift; sourceTree = "<group>"; };
		9CDC95E02243FFB10051925E /* Base */ = {isa = PBXFileReference; lastKnownFileType = file.storyboard; name = Base; path = Base.lproj/Main.storyboard; sourceTree = "<group>"; };
		9CDC95E22243FFB30051925E /* Assets.xcassets */ = {isa = PBXFileReference; lastKnownFileType = folder.assetcatalog; path = Assets.xcassets; sourceTree = "<group>"; };
		9CDC95E52243FFB30051925E /* Base */ = {isa = PBXFileReference; lastKnownFileType = file.storyboard; name = Base; path = Base.lproj/LaunchScreen.storyboard; sourceTree = "<group>"; };
		9CDC95E72243FFB30051925E /* Info.plist */ = {isa = PBXFileReference; lastKnownFileType = text.plist.xml; path = Info.plist; sourceTree = "<group>"; };
		9CDC95EC2243FFB30051925E /* Box-Office-MoviesTests.xctest */ = {isa = PBXFileReference; explicitFileType = wrapper.cfbundle; includeInIndex = 0; path = "Box-Office-MoviesTests.xctest"; sourceTree = BUILT_PRODUCTS_DIR; };
		9CDC95F02243FFB30051925E /* Box_Office_MoviesTests.swift */ = {isa = PBXFileReference; lastKnownFileType = sourcecode.swift; path = Box_Office_MoviesTests.swift; sourceTree = "<group>"; };
		9CDC95F22243FFB30051925E /* Info.plist */ = {isa = PBXFileReference; lastKnownFileType = text.plist.xml; path = Info.plist; sourceTree = "<group>"; };
		9CDC96002244034A0051925E /* Constants.swift */ = {isa = PBXFileReference; fileEncoding = 4; lastKnownFileType = sourcecode.swift; path = Constants.swift; sourceTree = "<group>"; };
		9CDC96022244034A0051925E /* MovieNetworkController.swift */ = {isa = PBXFileReference; fileEncoding = 4; lastKnownFileType = sourcecode.swift; path = MovieNetworkController.swift; sourceTree = "<group>"; };
		9CDC96032244034A0051925E /* NetworkController.swift */ = {isa = PBXFileReference; fileEncoding = 4; lastKnownFileType = sourcecode.swift; path = NetworkController.swift; sourceTree = "<group>"; };
		9CDC96042244034A0051925E /* NetworkRequest.swift */ = {isa = PBXFileReference; fileEncoding = 4; lastKnownFileType = sourcecode.swift; path = NetworkRequest.swift; sourceTree = "<group>"; };
		9CDC96062244034A0051925E /* MovieManager.swift */ = {isa = PBXFileReference; fileEncoding = 4; lastKnownFileType = sourcecode.swift; path = MovieManager.swift; sourceTree = "<group>"; };
		9CDC96072244034A0051925E /* ManagerProvider.swift */ = {isa = PBXFileReference; fileEncoding = 4; lastKnownFileType = sourcecode.swift; path = ManagerProvider.swift; sourceTree = "<group>"; };
		9CDC9617224546CA0051925E /* Movie.swift */ = {isa = PBXFileReference; lastKnownFileType = sourcecode.swift; path = Movie.swift; sourceTree = "<group>"; };
		9CDC961922454D780051925E /* MovieDetails.swift */ = {isa = PBXFileReference; lastKnownFileType = sourcecode.swift; path = MovieDetails.swift; sourceTree = "<group>"; };
		9CDC961B2245500C0051925E /* NowPlayingMoviesNetworkRequest.swift */ = {isa = PBXFileReference; lastKnownFileType = sourcecode.swift; path = NowPlayingMoviesNetworkRequest.swift; sourceTree = "<group>"; };
		9CDC961D224550240051925E /* MovieDetailsNetworkRequest.swift */ = {isa = PBXFileReference; lastKnownFileType = sourcecode.swift; path = MovieDetailsNetworkRequest.swift; sourceTree = "<group>"; };
		9CDC9624224647F40051925E /* Environment.swift */ = {isa = PBXFileReference; lastKnownFileType = sourcecode.swift; path = Environment.swift; sourceTree = "<group>"; };
		9CDC962622464AAF0051925E /* TheMovieDatabaseAPIConfigurationNetworkRequest.swift */ = {isa = PBXFileReference; fileEncoding = 4; lastKnownFileType = sourcecode.swift; path = TheMovieDatabaseAPIConfigurationNetworkRequest.swift; sourceTree = "<group>"; };
		9CDC962822464B020051925E /* TheMovieDatabaseAPIConfiguration.swift */ = {isa = PBXFileReference; lastKnownFileType = sourcecode.swift; path = TheMovieDatabaseAPIConfiguration.swift; sourceTree = "<group>"; };
		9CDC962E224650590051925E /* PosterNetworkRequest.swift */ = {isa = PBXFileReference; fileEncoding = 4; lastKnownFileType = sourcecode.swift; path = PosterNetworkRequest.swift; sourceTree = "<group>"; };
		9CDC9630224650B70051925E /* CastingNetworkRequest.swift */ = {isa = PBXFileReference; lastKnownFileType = sourcecode.swift; path = CastingNetworkRequest.swift; sourceTree = "<group>"; };
		9CDC9632224651770051925E /* Casting.swift */ = {isa = PBXFileReference; lastKnownFileType = sourcecode.swift; path = Casting.swift; sourceTree = "<group>"; };
		9CDC96342246531C0051925E /* SimilarMoviesNetworkRequest.swift */ = {isa = PBXFileReference; lastKnownFileType = sourcecode.swift; path = SimilarMoviesNetworkRequest.swift; sourceTree = "<group>"; };
		9CDC963822468F120051925E /* PaginatedMovieList.swift */ = {isa = PBXFileReference; fileEncoding = 4; lastKnownFileType = sourcecode.swift; path = PaginatedMovieList.swift; sourceTree = "<group>"; };
		9CDC964B2247C2DE0051925E /* NowPlayingMovies+SceneSetup.swift */ = {isa = PBXFileReference; lastKnownFileType = sourcecode.swift; path = "NowPlayingMovies+SceneSetup.swift"; sourceTree = "<group>"; };
		9CDC964C2247C2DE0051925E /* NowPlayingMoviesPresenter.swift */ = {isa = PBXFileReference; lastKnownFileType = sourcecode.swift; path = NowPlayingMoviesPresenter.swift; sourceTree = "<group>"; };
		9CDC964D2247C2DE0051925E /* NowPlayingMoviesRouter.swift */ = {isa = PBXFileReference; lastKnownFileType = sourcecode.swift; path = NowPlayingMoviesRouter.swift; sourceTree = "<group>"; };
		9CDC964E2247C2DE0051925E /* NowPlayingMoviesModels.swift */ = {isa = PBXFileReference; lastKnownFileType = sourcecode.swift; path = NowPlayingMoviesModels.swift; sourceTree = "<group>"; };
		9CDC964F2247C2DE0051925E /* NowPlayingMoviesViewController.swift */ = {isa = PBXFileReference; lastKnownFileType = sourcecode.swift; path = NowPlayingMoviesViewController.swift; sourceTree = "<group>"; };
		9CDC96502247C2DE0051925E /* NowPlayingMoviesInteractor.swift */ = {isa = PBXFileReference; lastKnownFileType = sourcecode.swift; path = NowPlayingMoviesInteractor.swift; sourceTree = "<group>"; };
		9CDC965A2247CAB70051925E /* UIView.swift */ = {isa = PBXFileReference; fileEncoding = 4; lastKnownFileType = sourcecode.swift; path = UIView.swift; sourceTree = "<group>"; };
		9CDC965B2247CAB70051925E /* UIViewController.swift */ = {isa = PBXFileReference; fileEncoding = 4; lastKnownFileType = sourcecode.swift; path = UIViewController.swift; sourceTree = "<group>"; };
		9CDC965F2247DA510051925E /* MovieDetails+SceneSetup.swift */ = {isa = PBXFileReference; lastKnownFileType = sourcecode.swift; path = "MovieDetails+SceneSetup.swift"; sourceTree = "<group>"; };
		9CDC96602247DA510051925E /* MovieDetailsPresenter.swift */ = {isa = PBXFileReference; lastKnownFileType = sourcecode.swift; path = MovieDetailsPresenter.swift; sourceTree = "<group>"; };
		9CDC96612247DA510051925E /* MovieDetailsRouter.swift */ = {isa = PBXFileReference; lastKnownFileType = sourcecode.swift; path = MovieDetailsRouter.swift; sourceTree = "<group>"; };
		9CDC96622247DA510051925E /* MovieDetailsModels.swift */ = {isa = PBXFileReference; lastKnownFileType = sourcecode.swift; path = MovieDetailsModels.swift; sourceTree = "<group>"; };
		9CDC96632247DA510051925E /* MovieDetailsViewController.swift */ = {isa = PBXFileReference; lastKnownFileType = sourcecode.swift; path = MovieDetailsViewController.swift; sourceTree = "<group>"; };
		9CDC96642247DA510051925E /* MovieDetailsInteractor.swift */ = {isa = PBXFileReference; lastKnownFileType = sourcecode.swift; path = MovieDetailsInteractor.swift; sourceTree = "<group>"; };
		9CDC966B2247E49E0051925E /* String.swift */ = {isa = PBXFileReference; lastKnownFileType = sourcecode.swift; path = String.swift; sourceTree = "<group>"; };
/* End PBXFileReference section */

/* Begin PBXFrameworksBuildPhase section */
		9CDC95D32243FFB10051925E /* Frameworks */ = {
			isa = PBXFrameworksBuildPhase;
			buildActionMask = 2147483647;
			files = (
			);
			runOnlyForDeploymentPostprocessing = 0;
		};
		9CDC95E92243FFB30051925E /* Frameworks */ = {
			isa = PBXFrameworksBuildPhase;
			buildActionMask = 2147483647;
			files = (
			);
			runOnlyForDeploymentPostprocessing = 0;
		};
/* End PBXFrameworksBuildPhase section */

/* Begin PBXGroup section */
		9C5AD02F225653D1009CC78A /* Scenes */ = {
			isa = PBXGroup;
			children = (
				9C5AD030225653DE009CC78A /* MovieDetails */,
			);
			path = Scenes;
			sourceTree = "<group>";
		};
		9C5AD030225653DE009CC78A /* MovieDetails */ = {
			isa = PBXGroup;
			children = (
				9C5AD032225653ED009CC78A /* MovieDetailsInteractorTests.swift */,
				9C5AD033225653ED009CC78A /* MovieDetailsPresenterTests.swift */,
				9C5AD031225653ED009CC78A /* MovieDetailsViewControllerTests.swift */,
			);
			path = MovieDetails;
			sourceTree = "<group>";
		};
		9C648804225538C300A1541F /* Views */ = {
			isa = PBXGroup;
			children = (
				9C648805225538D900A1541F /* ErrorStackView.swift */,
			);
			path = Views;
			sourceTree = "<group>";
		};
		9CDC95CD2243FFB10051925E = {
			isa = PBXGroup;
			children = (
				9CDC95D82243FFB10051925E /* Box-Office-Movies */,
				9CDC95EF2243FFB30051925E /* Box-Office-MoviesTests */,
				9CDC95D72243FFB10051925E /* Products */,
			);
			sourceTree = "<group>";
		};
		9CDC95D72243FFB10051925E /* Products */ = {
			isa = PBXGroup;
			children = (
				9CDC95D62243FFB10051925E /* Box-Office-Movies.app */,
				9CDC95EC2243FFB30051925E /* Box-Office-MoviesTests.xctest */,
			);
			name = Products;
			sourceTree = "<group>";
		};
		9CDC95D82243FFB10051925E /* Box-Office-Movies */ = {
			isa = PBXGroup;
			children = (
				9CDC95D92243FFB10051925E /* AppDelegate.swift */,
				9CDC95E22243FFB30051925E /* Assets.xcassets */,
				9CDC96002244034A0051925E /* Constants.swift */,
				9CDC95FF2244034A0051925E /* Core */,
				9CDC96592247CAB70051925E /* Extensions */,
				9CDC95E72243FFB30051925E /* Info.plist */,
				9CDC95E42243FFB30051925E /* LaunchScreen.storyboard */,
				9C90009722510AE600399CF3 /* Localizable.strings */,
				9CDC95DF2243FFB10051925E /* Main.storyboard */,
				9CDC96492247C2B20051925E /* Scenes */,
				9C648804225538C300A1541F /* Views */,
			);
			path = "Box-Office-Movies";
			sourceTree = "<group>";
		};
		9CDC95EF2243FFB30051925E /* Box-Office-MoviesTests */ = {
			isa = PBXGroup;
			children = (
				9C5AD02F225653D1009CC78A /* Scenes */,
				9CDC95F02243FFB30051925E /* Box_Office_MoviesTests.swift */,
				9CDC95F22243FFB30051925E /* Info.plist */,
			);
			path = "Box-Office-MoviesTests";
			sourceTree = "<group>";
		};
		9CDC95FF2244034A0051925E /* Core */ = {
			isa = PBXGroup;
			children = (
				9CDC96052244034A0051925E /* Manager */,
				9CDC96082244034B0051925E /* Model */,
				9CDC96012244034A0051925E /* Network */,
			);
			path = Core;
			sourceTree = "<group>";
		};
		9CDC96012244034A0051925E /* Network */ = {
			isa = PBXGroup;
			children = (
				9CDC9624224647F40051925E /* Environment.swift */,
				9CDC96022244034A0051925E /* MovieNetworkController.swift */,
				9CDC96032244034A0051925E /* NetworkController.swift */,
				9CDC961F224550360051925E /* NetworkRequest */,
			);
			path = Network;
			sourceTree = "<group>";
		};
		9CDC96052244034A0051925E /* Manager */ = {
			isa = PBXGroup;
			children = (
				9CDC96062244034A0051925E /* MovieManager.swift */,
				9CDC96072244034A0051925E /* ManagerProvider.swift */,
			);
			path = Manager;
			sourceTree = "<group>";
		};
		9CDC96082244034B0051925E /* Model */ = {
			isa = PBXGroup;
			children = (
				9CDC9632224651770051925E /* Casting.swift */,
				9CDC9617224546CA0051925E /* Movie.swift */,
				9CDC961922454D780051925E /* MovieDetails.swift */,
				9CDC963822468F120051925E /* PaginatedMovieList.swift */,
				9CDC962822464B020051925E /* TheMovieDatabaseAPIConfiguration.swift */,
			);
			path = Model;
			sourceTree = "<group>";
		};
		9CDC961F224550360051925E /* NetworkRequest */ = {
			isa = PBXGroup;
			children = (
				9CDC9630224650B70051925E /* CastingNetworkRequest.swift */,
				9CDC961D224550240051925E /* MovieDetailsNetworkRequest.swift */,
				9CDC96042244034A0051925E /* NetworkRequest.swift */,
				9CDC961B2245500C0051925E /* NowPlayingMoviesNetworkRequest.swift */,
				9CDC962E224650590051925E /* PosterNetworkRequest.swift */,
				9CDC96342246531C0051925E /* SimilarMoviesNetworkRequest.swift */,
				9CDC962622464AAF0051925E /* TheMovieDatabaseAPIConfigurationNetworkRequest.swift */,
			);
			path = NetworkRequest;
			sourceTree = "<group>";
		};
		9CDC96492247C2B20051925E /* Scenes */ = {
			isa = PBXGroup;
			children = (
				9CDC965E2247DA3F0051925E /* MovieDetails */,
				9CDC964A2247C2D20051925E /* NowPlayingMovies */,
			);
			path = Scenes;
			sourceTree = "<group>";
		};
		9CDC964A2247C2D20051925E /* NowPlayingMovies */ = {
			isa = PBXGroup;
			children = (
				9CDC964B2247C2DE0051925E /* NowPlayingMovies+SceneSetup.swift */,
				9CDC96502247C2DE0051925E /* NowPlayingMoviesInteractor.swift */,
				9CDC964E2247C2DE0051925E /* NowPlayingMoviesModels.swift */,
				9CDC964C2247C2DE0051925E /* NowPlayingMoviesPresenter.swift */,
				9CDC964D2247C2DE0051925E /* NowPlayingMoviesRouter.swift */,
				9CDC964F2247C2DE0051925E /* NowPlayingMoviesViewController.swift */,
			);
			path = NowPlayingMovies;
			sourceTree = "<group>";
		};
		9CDC96592247CAB70051925E /* Extensions */ = {
			isa = PBXGroup;
			children = (
				9CDC966B2247E49E0051925E /* String.swift */,
				9CDC965A2247CAB70051925E /* UIView.swift */,
				9CDC965B2247CAB70051925E /* UIViewController.swift */,
			);
			path = Extensions;
			sourceTree = "<group>";
		};
		9CDC965E2247DA3F0051925E /* MovieDetails */ = {
			isa = PBXGroup;
			children = (
				9C4935E9224A95CD00359378 /* AdditionalInformationTableViewCell.swift */,
				9CDC965F2247DA510051925E /* MovieDetails+SceneSetup.swift */,
				9CDC96642247DA510051925E /* MovieDetailsInteractor.swift */,
				9CDC96622247DA510051925E /* MovieDetailsModels.swift */,
				9CDC96602247DA510051925E /* MovieDetailsPresenter.swift */,
				9CDC96612247DA510051925E /* MovieDetailsRouter.swift */,
				9CDC96632247DA510051925E /* MovieDetailsViewController.swift */,
			);
			path = MovieDetails;
			sourceTree = "<group>";
		};
/* End PBXGroup section */

/* Begin PBXNativeTarget section */
		9CDC95D52243FFB10051925E /* Box-Office-Movies */ = {
			isa = PBXNativeTarget;
			buildConfigurationList = 9CDC95F52243FFB30051925E /* Build configuration list for PBXNativeTarget "Box-Office-Movies" */;
			buildPhases = (
				9CDC95D22243FFB10051925E /* Sources */,
				9CDC95D32243FFB10051925E /* Frameworks */,
				9CDC95D42243FFB10051925E /* Resources */,
				9CDC95FB2244013B0051925E /* SwiftLint */,
			);
			buildRules = (
			);
			dependencies = (
			);
			name = "Box-Office-Movies";
			productName = "Box-Office-Movies";
			productReference = 9CDC95D62243FFB10051925E /* Box-Office-Movies.app */;
			productType = "com.apple.product-type.application";
		};
		9CDC95EB2243FFB30051925E /* Box-Office-MoviesTests */ = {
			isa = PBXNativeTarget;
			buildConfigurationList = 9CDC95F82243FFB30051925E /* Build configuration list for PBXNativeTarget "Box-Office-MoviesTests" */;
			buildPhases = (
				9CDC95E82243FFB30051925E /* Sources */,
				9CDC95E92243FFB30051925E /* Frameworks */,
				9CDC95EA2243FFB30051925E /* Resources */,
			);
			buildRules = (
			);
			dependencies = (
				9CDC95EE2243FFB30051925E /* PBXTargetDependency */,
			);
			name = "Box-Office-MoviesTests";
			productName = "Box-Office-MoviesTests";
			productReference = 9CDC95EC2243FFB30051925E /* Box-Office-MoviesTests.xctest */;
			productType = "com.apple.product-type.bundle.unit-test";
		};
/* End PBXNativeTarget section */

/* Begin PBXProject section */
		9CDC95CE2243FFB10051925E /* Project object */ = {
			isa = PBXProject;
			attributes = {
				LastSwiftUpdateCheck = 1010;
				LastUpgradeCheck = 1010;
				ORGANIZATIONNAME = Boxotop;
				TargetAttributes = {
					9CDC95D52243FFB10051925E = {
						CreatedOnToolsVersion = 10.1;
						LastSwiftMigration = 1020;
					};
					9CDC95EB2243FFB30051925E = {
						CreatedOnToolsVersion = 10.1;
						LastSwiftMigration = 1020;
						TestTargetID = 9CDC95D52243FFB10051925E;
					};
				};
			};
			buildConfigurationList = 9CDC95D12243FFB10051925E /* Build configuration list for PBXProject "Box-Office-Movies" */;
			compatibilityVersion = "Xcode 9.3";
			developmentRegion = en;
			hasScannedForEncodings = 0;
			knownRegions = (
				en,
				Base,
				fr,
			);
			mainGroup = 9CDC95CD2243FFB10051925E;
			productRefGroup = 9CDC95D72243FFB10051925E /* Products */;
			projectDirPath = "";
			projectRoot = "";
			targets = (
				9CDC95D52243FFB10051925E /* Box-Office-Movies */,
				9CDC95EB2243FFB30051925E /* Box-Office-MoviesTests */,
			);
		};
/* End PBXProject section */

/* Begin PBXResourcesBuildPhase section */
		9CDC95D42243FFB10051925E /* Resources */ = {
			isa = PBXResourcesBuildPhase;
			buildActionMask = 2147483647;
			files = (
				9CDC95E62243FFB30051925E /* LaunchScreen.storyboard in Resources */,
				9C90009522510AE600399CF3 /* Localizable.strings in Resources */,
				9CDC95E32243FFB30051925E /* Assets.xcassets in Resources */,
				9CDC95E12243FFB10051925E /* Main.storyboard in Resources */,
			);
			runOnlyForDeploymentPostprocessing = 0;
		};
		9CDC95EA2243FFB30051925E /* Resources */ = {
			isa = PBXResourcesBuildPhase;
			buildActionMask = 2147483647;
			files = (
			);
			runOnlyForDeploymentPostprocessing = 0;
		};
/* End PBXResourcesBuildPhase section */

/* Begin PBXShellScriptBuildPhase section */
		9CDC95FB2244013B0051925E /* SwiftLint */ = {
			isa = PBXShellScriptBuildPhase;
			buildActionMask = 2147483647;
			files = (
			);
			inputFileListPaths = (
			);
			inputPaths = (
			);
			name = SwiftLint;
			outputFileListPaths = (
			);
			outputPaths = (
			);
			runOnlyForDeploymentPostprocessing = 0;
			shellPath = /bin/sh;
			shellScript = "if which swiftlint >/dev/null; then\nswiftlint --config .swiftlint.yml\nelse\necho \"warning: SwiftLint not installed, download from https://github.com/realm/SwiftLint\"\nfi\n";
		};
/* End PBXShellScriptBuildPhase section */

/* Begin PBXSourcesBuildPhase section */
		9CDC95D22243FFB10051925E /* Sources */ = {
			isa = PBXSourcesBuildPhase;
			buildActionMask = 2147483647;
			files = (
				9CDC96112244034B0051925E /* MovieManager.swift in Sources */,
				9CDC9625224647F40051925E /* Environment.swift in Sources */,
				9CDC960F2244034B0051925E /* NetworkController.swift in Sources */,
				9CDC965C2247CAB70051925E /* UIView.swift in Sources */,
				9CDC962922464B020051925E /* TheMovieDatabaseAPIConfiguration.swift in Sources */,
				9CDC960E2244034B0051925E /* MovieNetworkController.swift in Sources */,
				9CDC96352246531C0051925E /* SimilarMoviesNetworkRequest.swift in Sources */,
				9CDC962722464AAF0051925E /* TheMovieDatabaseAPIConfigurationNetworkRequest.swift in Sources */,
				9CDC96682247DA510051925E /* MovieDetailsModels.swift in Sources */,
				9CDC96692247DA510051925E /* MovieDetailsViewController.swift in Sources */,
				9CDC96122244034B0051925E /* ManagerProvider.swift in Sources */,
				9CDC9618224546CA0051925E /* Movie.swift in Sources */,
				9CDC96522247C2DE0051925E /* NowPlayingMoviesPresenter.swift in Sources */,
				9CDC961E224550240051925E /* MovieDetailsNetworkRequest.swift in Sources */,
				9CDC961C2245500C0051925E /* NowPlayingMoviesNetworkRequest.swift in Sources */,
				9CDC965D2247CAB70051925E /* UIViewController.swift in Sources */,
				9CDC96562247C2DE0051925E /* NowPlayingMoviesInteractor.swift in Sources */,
				9CDC96512247C2DE0051925E /* NowPlayingMovies+SceneSetup.swift in Sources */,
				9CDC961A22454D780051925E /* MovieDetails.swift in Sources */,
				9CDC96542247C2DE0051925E /* NowPlayingMoviesModels.swift in Sources */,
				9CDC96552247C2DE0051925E /* NowPlayingMoviesViewController.swift in Sources */,
				9CDC96662247DA510051925E /* MovieDetailsPresenter.swift in Sources */,
				9CDC966A2247DA510051925E /* MovieDetailsInteractor.swift in Sources */,
				9CDC95DA2243FFB10051925E /* AppDelegate.swift in Sources */,
				9CDC966C2247E49E0051925E /* String.swift in Sources */,
				9CDC962F224650590051925E /* PosterNetworkRequest.swift in Sources */,
				9C4935EA224A95CD00359378 /* AdditionalInformationTableViewCell.swift in Sources */,
				9CDC96102244034B0051925E /* NetworkRequest.swift in Sources */,
				9CDC96652247DA510051925E /* MovieDetails+SceneSetup.swift in Sources */,
				9CDC96532247C2DE0051925E /* NowPlayingMoviesRouter.swift in Sources */,
				9C648806225538D900A1541F /* ErrorStackView.swift in Sources */,
				9CDC9631224650B70051925E /* CastingNetworkRequest.swift in Sources */,
				9CDC9633224651770051925E /* Casting.swift in Sources */,
				9CDC963922468F120051925E /* PaginatedMovieList.swift in Sources */,
				9CDC96672247DA510051925E /* MovieDetailsRouter.swift in Sources */,
				9CDC960D2244034B0051925E /* Constants.swift in Sources */,
			);
			runOnlyForDeploymentPostprocessing = 0;
		};
		9CDC95E82243FFB30051925E /* Sources */ = {
			isa = PBXSourcesBuildPhase;
			buildActionMask = 2147483647;
			files = (
				9C5AD036225653ED009CC78A /* MovieDetailsPresenterTests.swift in Sources */,
				9C5AD035225653ED009CC78A /* MovieDetailsInteractorTests.swift in Sources */,
				9C5AD034225653ED009CC78A /* MovieDetailsViewControllerTests.swift in Sources */,
				9CDC95F12243FFB30051925E /* Box_Office_MoviesTests.swift in Sources */,
			);
			runOnlyForDeploymentPostprocessing = 0;
		};
/* End PBXSourcesBuildPhase section */

/* Begin PBXTargetDependency section */
		9CDC95EE2243FFB30051925E /* PBXTargetDependency */ = {
			isa = PBXTargetDependency;
			target = 9CDC95D52243FFB10051925E /* Box-Office-Movies */;
			targetProxy = 9CDC95ED2243FFB30051925E /* PBXContainerItemProxy */;
		};
/* End PBXTargetDependency section */

/* Begin PBXVariantGroup section */
		9C90009722510AE600399CF3 /* Localizable.strings */ = {
			isa = PBXVariantGroup;
			children = (
				9C90009622510AE600399CF3 /* en */,
				9C90009822510AEA00399CF3 /* fr */,
			);
			name = Localizable.strings;
			sourceTree = "<group>";
		};
		9CDC95DF2243FFB10051925E /* Main.storyboard */ = {
			isa = PBXVariantGroup;
			children = (
				9CDC95E02243FFB10051925E /* Base */,
				9C5AD02A22564FFA009CC78A /* en */,
				9C5AD02E225650BB009CC78A /* fr */,
			);
			name = Main.storyboard;
			sourceTree = "<group>";
		};
		9CDC95E42243FFB30051925E /* LaunchScreen.storyboard */ = {
			isa = PBXVariantGroup;
			children = (
				9CDC95E52243FFB30051925E /* Base */,
			);
			name = LaunchScreen.storyboard;
			sourceTree = "<group>";
		};
/* End PBXVariantGroup section */

/* Begin XCBuildConfiguration section */
		9CDC95F32243FFB30051925E /* Debug */ = {
			isa = XCBuildConfiguration;
			buildSettings = {
				ALWAYS_SEARCH_USER_PATHS = NO;
				CLANG_ANALYZER_LOCALIZABILITY_NONLOCALIZED = YES;
				CLANG_ANALYZER_NONNULL = YES;
				CLANG_ANALYZER_NUMBER_OBJECT_CONVERSION = YES_AGGRESSIVE;
				CLANG_CXX_LANGUAGE_STANDARD = "gnu++14";
				CLANG_CXX_LIBRARY = "libc++";
				CLANG_ENABLE_MODULES = YES;
				CLANG_ENABLE_OBJC_ARC = YES;
				CLANG_ENABLE_OBJC_WEAK = YES;
				CLANG_WARN_BLOCK_CAPTURE_AUTORELEASING = YES;
				CLANG_WARN_BOOL_CONVERSION = YES;
				CLANG_WARN_COMMA = YES;
				CLANG_WARN_CONSTANT_CONVERSION = YES;
				CLANG_WARN_DEPRECATED_OBJC_IMPLEMENTATIONS = YES;
				CLANG_WARN_DIRECT_OBJC_ISA_USAGE = YES_ERROR;
				CLANG_WARN_DOCUMENTATION_COMMENTS = YES;
				CLANG_WARN_EMPTY_BODY = YES;
				CLANG_WARN_ENUM_CONVERSION = YES;
				CLANG_WARN_INFINITE_RECURSION = YES;
				CLANG_WARN_INT_CONVERSION = YES;
				CLANG_WARN_NON_LITERAL_NULL_CONVERSION = YES;
				CLANG_WARN_OBJC_IMPLICIT_RETAIN_SELF = YES;
				CLANG_WARN_OBJC_LITERAL_CONVERSION = YES;
				CLANG_WARN_OBJC_ROOT_CLASS = YES_ERROR;
				CLANG_WARN_RANGE_LOOP_ANALYSIS = YES;
				CLANG_WARN_STRICT_PROTOTYPES = YES;
				CLANG_WARN_SUSPICIOUS_MOVE = YES;
				CLANG_WARN_UNGUARDED_AVAILABILITY = YES_AGGRESSIVE;
				CLANG_WARN_UNREACHABLE_CODE = YES;
				CLANG_WARN__DUPLICATE_METHOD_MATCH = YES;
				CODE_SIGN_IDENTITY = "iPhone Developer";
				COPY_PHASE_STRIP = NO;
				DEBUG_INFORMATION_FORMAT = dwarf;
				ENABLE_STRICT_OBJC_MSGSEND = YES;
				ENABLE_TESTABILITY = YES;
				GCC_C_LANGUAGE_STANDARD = gnu11;
				GCC_DYNAMIC_NO_PIC = NO;
				GCC_NO_COMMON_BLOCKS = YES;
				GCC_OPTIMIZATION_LEVEL = 0;
				GCC_PREPROCESSOR_DEFINITIONS = (
					"DEBUG=1",
					"$(inherited)",
				);
				GCC_WARN_64_TO_32_BIT_CONVERSION = YES;
				GCC_WARN_ABOUT_RETURN_TYPE = YES_ERROR;
				GCC_WARN_UNDECLARED_SELECTOR = YES;
				GCC_WARN_UNINITIALIZED_AUTOS = YES_AGGRESSIVE;
				GCC_WARN_UNUSED_FUNCTION = YES;
				GCC_WARN_UNUSED_VARIABLE = YES;
				IPHONEOS_DEPLOYMENT_TARGET = 10.0;
				MTL_ENABLE_DEBUG_INFO = INCLUDE_SOURCE;
				MTL_FAST_MATH = YES;
				ONLY_ACTIVE_ARCH = YES;
				SDKROOT = iphoneos;
				SWIFT_ACTIVE_COMPILATION_CONDITIONS = DEBUG;
				SWIFT_OPTIMIZATION_LEVEL = "-Onone";
			};
			name = Debug;
		};
		9CDC95F42243FFB30051925E /* Release */ = {
			isa = XCBuildConfiguration;
			buildSettings = {
				ALWAYS_SEARCH_USER_PATHS = NO;
				CLANG_ANALYZER_LOCALIZABILITY_NONLOCALIZED = YES;
				CLANG_ANALYZER_NONNULL = YES;
				CLANG_ANALYZER_NUMBER_OBJECT_CONVERSION = YES_AGGRESSIVE;
				CLANG_CXX_LANGUAGE_STANDARD = "gnu++14";
				CLANG_CXX_LIBRARY = "libc++";
				CLANG_ENABLE_MODULES = YES;
				CLANG_ENABLE_OBJC_ARC = YES;
				CLANG_ENABLE_OBJC_WEAK = YES;
				CLANG_WARN_BLOCK_CAPTURE_AUTORELEASING = YES;
				CLANG_WARN_BOOL_CONVERSION = YES;
				CLANG_WARN_COMMA = YES;
				CLANG_WARN_CONSTANT_CONVERSION = YES;
				CLANG_WARN_DEPRECATED_OBJC_IMPLEMENTATIONS = YES;
				CLANG_WARN_DIRECT_OBJC_ISA_USAGE = YES_ERROR;
				CLANG_WARN_DOCUMENTATION_COMMENTS = YES;
				CLANG_WARN_EMPTY_BODY = YES;
				CLANG_WARN_ENUM_CONVERSION = YES;
				CLANG_WARN_INFINITE_RECURSION = YES;
				CLANG_WARN_INT_CONVERSION = YES;
				CLANG_WARN_NON_LITERAL_NULL_CONVERSION = YES;
				CLANG_WARN_OBJC_IMPLICIT_RETAIN_SELF = YES;
				CLANG_WARN_OBJC_LITERAL_CONVERSION = YES;
				CLANG_WARN_OBJC_ROOT_CLASS = YES_ERROR;
				CLANG_WARN_RANGE_LOOP_ANALYSIS = YES;
				CLANG_WARN_STRICT_PROTOTYPES = YES;
				CLANG_WARN_SUSPICIOUS_MOVE = YES;
				CLANG_WARN_UNGUARDED_AVAILABILITY = YES_AGGRESSIVE;
				CLANG_WARN_UNREACHABLE_CODE = YES;
				CLANG_WARN__DUPLICATE_METHOD_MATCH = YES;
				CODE_SIGN_IDENTITY = "iPhone Developer";
				COPY_PHASE_STRIP = NO;
				DEBUG_INFORMATION_FORMAT = "dwarf-with-dsym";
				ENABLE_NS_ASSERTIONS = NO;
				ENABLE_STRICT_OBJC_MSGSEND = YES;
				GCC_C_LANGUAGE_STANDARD = gnu11;
				GCC_NO_COMMON_BLOCKS = YES;
				GCC_WARN_64_TO_32_BIT_CONVERSION = YES;
				GCC_WARN_ABOUT_RETURN_TYPE = YES_ERROR;
				GCC_WARN_UNDECLARED_SELECTOR = YES;
				GCC_WARN_UNINITIALIZED_AUTOS = YES_AGGRESSIVE;
				GCC_WARN_UNUSED_FUNCTION = YES;
				GCC_WARN_UNUSED_VARIABLE = YES;
				IPHONEOS_DEPLOYMENT_TARGET = 10.0;
				MTL_ENABLE_DEBUG_INFO = NO;
				MTL_FAST_MATH = YES;
				SDKROOT = iphoneos;
				SWIFT_COMPILATION_MODE = wholemodule;
				SWIFT_OPTIMIZATION_LEVEL = "-O";
				VALIDATE_PRODUCT = YES;
			};
			name = Release;
		};
		9CDC95F62243FFB30051925E /* Debug */ = {
			isa = XCBuildConfiguration;
			buildSettings = {
				ASSETCATALOG_COMPILER_APPICON_NAME = AppIcon;
				CODE_SIGN_STYLE = Automatic;
				DEVELOPMENT_TEAM = MU48Q96H48;
				INFOPLIST_FILE = "Box-Office-Movies/Info.plist";
				LD_RUNPATH_SEARCH_PATHS = (
					"$(inherited)",
					"@executable_path/Frameworks",
				);
				PRODUCT_BUNDLE_IDENTIFIER = "fr.boxotop.Box-Office-Movies";
				PRODUCT_NAME = "$(TARGET_NAME)";
				SWIFT_VERSION = 5.0;
				TARGETED_DEVICE_FAMILY = "1,2";
			};
			name = Debug;
		};
		9CDC95F72243FFB30051925E /* Release */ = {
			isa = XCBuildConfiguration;
			buildSettings = {
				ASSETCATALOG_COMPILER_APPICON_NAME = AppIcon;
				CODE_SIGN_STYLE = Automatic;
				DEVELOPMENT_TEAM = MU48Q96H48;
				INFOPLIST_FILE = "Box-Office-Movies/Info.plist";
				LD_RUNPATH_SEARCH_PATHS = (
					"$(inherited)",
					"@executable_path/Frameworks",
				);
				PRODUCT_BUNDLE_IDENTIFIER = "fr.boxotop.Box-Office-Movies";
				PRODUCT_NAME = "$(TARGET_NAME)";
				SWIFT_VERSION = 5.0;
				TARGETED_DEVICE_FAMILY = "1,2";
			};
			name = Release;
		};
		9CDC95F92243FFB30051925E /* Debug */ = {
			isa = XCBuildConfiguration;
			buildSettings = {
				ALWAYS_EMBED_SWIFT_STANDARD_LIBRARIES = YES;
				BUNDLE_LOADER = "$(TEST_HOST)";
				CODE_SIGN_STYLE = Automatic;
				INFOPLIST_FILE = "Box-Office-MoviesTests/Info.plist";
				LD_RUNPATH_SEARCH_PATHS = (
					"$(inherited)",
					"@executable_path/Frameworks",
					"@loader_path/Frameworks",
				);
				PRODUCT_BUNDLE_IDENTIFIER = "fr.boxotop.Box-Office-MoviesTests";
				PRODUCT_NAME = "$(TARGET_NAME)";
				SWIFT_VERSION = 5.0;
				TARGETED_DEVICE_FAMILY = "1,2";
				TEST_HOST = "$(BUILT_PRODUCTS_DIR)/Box-Office-Movies.app/Box-Office-Movies";
			};
			name = Debug;
		};
		9CDC95FA2243FFB30051925E /* Release */ = {
			isa = XCBuildConfiguration;
			buildSettings = {
				ALWAYS_EMBED_SWIFT_STANDARD_LIBRARIES = YES;
				BUNDLE_LOADER = "$(TEST_HOST)";
				CODE_SIGN_STYLE = Automatic;
				INFOPLIST_FILE = "Box-Office-MoviesTests/Info.plist";
				LD_RUNPATH_SEARCH_PATHS = (
					"$(inherited)",
					"@executable_path/Frameworks",
					"@loader_path/Frameworks",
				);
				PRODUCT_BUNDLE_IDENTIFIER = "fr.boxotop.Box-Office-MoviesTests";
				PRODUCT_NAME = "$(TARGET_NAME)";
				SWIFT_VERSION = 5.0;
				TARGETED_DEVICE_FAMILY = "1,2";
				TEST_HOST = "$(BUILT_PRODUCTS_DIR)/Box-Office-Movies.app/Box-Office-Movies";
			};
			name = Release;
		};
/* End XCBuildConfiguration section */

/* Begin XCConfigurationList section */
		9CDC95D12243FFB10051925E /* Build configuration list for PBXProject "Box-Office-Movies" */ = {
			isa = XCConfigurationList;
			buildConfigurations = (
				9CDC95F32243FFB30051925E /* Debug */,
				9CDC95F42243FFB30051925E /* Release */,
			);
			defaultConfigurationIsVisible = 0;
			defaultConfigurationName = Release;
		};
		9CDC95F52243FFB30051925E /* Build configuration list for PBXNativeTarget "Box-Office-Movies" */ = {
			isa = XCConfigurationList;
			buildConfigurations = (
				9CDC95F62243FFB30051925E /* Debug */,
				9CDC95F72243FFB30051925E /* Release */,
			);
			defaultConfigurationIsVisible = 0;
			defaultConfigurationName = Release;
		};
		9CDC95F82243FFB30051925E /* Build configuration list for PBXNativeTarget "Box-Office-MoviesTests" */ = {
			isa = XCConfigurationList;
			buildConfigurations = (
				9CDC95F92243FFB30051925E /* Debug */,
				9CDC95FA2243FFB30051925E /* Release */,
			);
			defaultConfigurationIsVisible = 0;
			defaultConfigurationName = Release;
		};
/* End XCConfigurationList section */
	};
	rootObject = 9CDC95CE2243FFB10051925E /* Project object */;
}
